// !$*UTF8*$!
{
	archiveVersion = 1;
	classes = {
	};
	objectVersion = 46;
	objects = {

/* Begin PBXBuildFile section */
		2211F03B1E287C1C0055CB19 /* IBMRegControllerTest.swift in Sources */ = {isa = PBXBuildFile; fileRef = 2211F03A1E287C1C0055CB19 /* IBMRegControllerTest.swift */; };
		2215FF2E1E0B1DE900521973 /* Assets.xcassets in Resources */ = {isa = PBXBuildFile; fileRef = 78766A6E1C5A49BB0026DD68 /* Assets.xcassets */; };
		2215FF311E0B4C9500521973 /* BoxUploadViewController.swift in Sources */ = {isa = PBXBuildFile; fileRef = 2215FF301E0B4C9500521973 /* BoxUploadViewController.swift */; };
		2215FF331E0B506800521973 /* BoxUploadViewControllerTest.swift in Sources */ = {isa = PBXBuildFile; fileRef = 2215FF321E0B506800521973 /* BoxUploadViewControllerTest.swift */; };
		2218AD9C1E09D660003B4E24 /* BoxLoginViewController.swift in Sources */ = {isa = PBXBuildFile; fileRef = 2218AD9B1E09D660003B4E24 /* BoxLoginViewController.swift */; };
		2218AD9E1E09ECBB003B4E24 /* BoxLoginViewControllerTest.swift in Sources */ = {isa = PBXBuildFile; fileRef = 2218AD9D1E09ECBB003B4E24 /* BoxLoginViewControllerTest.swift */; };
		2218B59F1E36907000C8E173 /* BoxServiceUtil.swift in Sources */ = {isa = PBXBuildFile; fileRef = 2218B59E1E36907000C8E173 /* BoxServiceUtil.swift */; };
		2218B5A11E3694A500C8E173 /* BoxServiceFolderTest.swift in Sources */ = {isa = PBXBuildFile; fileRef = 2218B5A01E3694A500C8E173 /* BoxServiceFolderTest.swift */; };
		223FCFB91E032EE800CF05E2 /* IBMCaptureSDK.framework in Resources */ = {isa = PBXBuildFile; fileRef = B76076201C68B03C00927117 /* IBMCaptureSDK.framework */; };
		223FCFBA1E032EE800CF05E2 /* IBMCaptureUISDK.framework in Resources */ = {isa = PBXBuildFile; fileRef = B76076211C68B03C00927117 /* IBMCaptureUISDK.framework */; };
		223FCFBB1E032FAC00CF05E2 /* IBMCaptureSDK.framework in Frameworks */ = {isa = PBXBuildFile; fileRef = B76076201C68B03C00927117 /* IBMCaptureSDK.framework */; };
		223FCFBC1E032FAC00CF05E2 /* IBMCaptureUISDK.framework in Frameworks */ = {isa = PBXBuildFile; fileRef = B76076211C68B03C00927117 /* IBMCaptureUISDK.framework */; };
		224D759D1E28453A004AB51C /* Frameworks in Resources */ = {isa = PBXBuildFile; fileRef = 224D759C1E28453A004AB51C /* Frameworks */; };
		22500B6B1E295E4C00443D93 /* PodData.swift in Sources */ = {isa = PBXBuildFile; fileRef = 22500B6A1E295E4C00443D93 /* PodData.swift */; };
		225EBD181E2FF1E600B1B82F /* podSample.png in Resources */ = {isa = PBXBuildFile; fileRef = 225EBD161E2FF1E600B1B82F /* podSample.png */; };
		225EBD191E2FF1E600B1B82F /* podSample2.png in Resources */ = {isa = PBXBuildFile; fileRef = 225EBD171E2FF1E600B1B82F /* podSample2.png */; };
		2279A1501E03293800E453E8 /* BoxService.swift in Sources */ = {isa = PBXBuildFile; fileRef = 2279A14F1E03293800E453E8 /* BoxService.swift */; };
		2279A1581E03294F00E453E8 /* BoxServiceFileTest.swift in Sources */ = {isa = PBXBuildFile; fileRef = 2279A1571E03294F00E453E8 /* BoxServiceFileTest.swift */; };
		22A7E5C61E04C8E50075EF37 /* BoxContentSDK.framework in Frameworks */ = {isa = PBXBuildFile; fileRef = 223CF3571E04C832004F2B48 /* BoxContentSDK.framework */; };
		22A7E5C91E04C8F90075EF37 /* IBMCaptureSDK.framework in Frameworks */ = {isa = PBXBuildFile; fileRef = B76076201C68B03C00927117 /* IBMCaptureSDK.framework */; };
		22A7E5CA1E04C8F90075EF37 /* IBMCaptureSDK.framework in Embed Frameworks */ = {isa = PBXBuildFile; fileRef = B76076201C68B03C00927117 /* IBMCaptureSDK.framework */; settings = {ATTRIBUTES = (CodeSignOnCopy, RemoveHeadersOnCopy, ); }; };
		22A7E5CB1E04C8F90075EF37 /* IBMCaptureUISDK.framework in Frameworks */ = {isa = PBXBuildFile; fileRef = B76076211C68B03C00927117 /* IBMCaptureUISDK.framework */; };
		22A7E5CC1E04C8F90075EF37 /* IBMCaptureUISDK.framework in Embed Frameworks */ = {isa = PBXBuildFile; fileRef = B76076211C68B03C00927117 /* IBMCaptureUISDK.framework */; settings = {ATTRIBUTES = (CodeSignOnCopy, RemoveHeadersOnCopy, ); }; };
		22C63A1D1E2D5B2000569F75 /* PODPresenter.swift in Sources */ = {isa = PBXBuildFile; fileRef = 22C63A1C1E2D5B2000569F75 /* PODPresenter.swift */; };
		22C63A241E2D920D00569F75 /* pod2.jpg in Resources */ = {isa = PBXBuildFile; fileRef = 22C63A201E2D920D00569F75 /* pod2.jpg */; };
		22C63A251E2D920D00569F75 /* pod3.jpg in Resources */ = {isa = PBXBuildFile; fileRef = 22C63A211E2D920D00569F75 /* pod3.jpg */; };
		22C63A261E2D920D00569F75 /* pod4.jpg in Resources */ = {isa = PBXBuildFile; fileRef = 22C63A221E2D920D00569F75 /* pod4.jpg */; };
		22C63A271E2D920D00569F75 /* pod5.jpg in Resources */ = {isa = PBXBuildFile; fileRef = 22C63A231E2D920D00569F75 /* pod5.jpg */; };
		22C63A291E2D94C600569F75 /* pod.png in Resources */ = {isa = PBXBuildFile; fileRef = 22C63A281E2D94C600569F75 /* pod.png */; };
		22C63A2D1E2D958A00569F75 /* PodDataHelperTest.swift in Sources */ = {isa = PBXBuildFile; fileRef = 22C63A2C1E2D958A00569F75 /* PodDataHelperTest.swift */; };
		22C63A2F1E2D99A900569F75 /* PodDataHelper.swift in Sources */ = {isa = PBXBuildFile; fileRef = 22C63A2E1E2D99A900569F75 /* PodDataHelper.swift */; };
		22C65A601E27035F000E116B /* PODDemo.storyboard in Resources */ = {isa = PBXBuildFile; fileRef = 22C65A5E1E27035F000E116B /* PODDemo.storyboard */; };
		22C65A621E270861000E116B /* MainViewController.swift in Sources */ = {isa = PBXBuildFile; fileRef = 22C65A611E270861000E116B /* MainViewController.swift */; };
		22C65A641E2708CE000E116B /* MainViewControllerTest.swift in Sources */ = {isa = PBXBuildFile; fileRef = 22C65A631E2708CE000E116B /* MainViewControllerTest.swift */; };
		22F08B6B1E0C872B0081A0A9 /* UploadVCProtocol.swift in Sources */ = {isa = PBXBuildFile; fileRef = 22F08B6A1E0C872B0081A0A9 /* UploadVCProtocol.swift */; };
		22F08B6E1E0C884B0081A0A9 /* IBMEditPageImageViewControllerTest.swift in Sources */ = {isa = PBXBuildFile; fileRef = 22F08B6D1E0C884B0081A0A9 /* IBMEditPageImageViewControllerTest.swift */; };
		22F08B731E1491200081A0A9 /* ImageUtil.swift in Sources */ = {isa = PBXBuildFile; fileRef = 22F08B721E1491200081A0A9 /* ImageUtil.swift */; };
		22F510F61E1EEC640024E7B2 /* Images.xcassets in Resources */ = {isa = PBXBuildFile; fileRef = 22F510F51E1EEC640024E7B2 /* Images.xcassets */; };
		22F511101E1EEEFF0024E7B2 /* AppIcon20x20@2x.png in Resources */ = {isa = PBXBuildFile; fileRef = 22F510F81E1EEEFF0024E7B2 /* AppIcon20x20@2x.png */; };
		22F511111E1EEEFF0024E7B2 /* AppIcon20x20@2x~ipad.png in Resources */ = {isa = PBXBuildFile; fileRef = 22F510F91E1EEEFF0024E7B2 /* AppIcon20x20@2x~ipad.png */; };
		22F511121E1EEEFF0024E7B2 /* AppIcon20x20~ipad.png in Resources */ = {isa = PBXBuildFile; fileRef = 22F510FA1E1EEEFF0024E7B2 /* AppIcon20x20~ipad.png */; };
		22F511131E1EEEFF0024E7B2 /* AppIcon29x29.png in Resources */ = {isa = PBXBuildFile; fileRef = 22F510FB1E1EEEFF0024E7B2 /* AppIcon29x29.png */; };
		22F511141E1EEEFF0024E7B2 /* AppIcon29x29@2x~ipad-1.png in Resources */ = {isa = PBXBuildFile; fileRef = 22F510FC1E1EEEFF0024E7B2 /* AppIcon29x29@2x~ipad-1.png */; };
		22F511151E1EEEFF0024E7B2 /* AppIcon29x29@2x~ipad.png in Resources */ = {isa = PBXBuildFile; fileRef = 22F510FD1E1EEEFF0024E7B2 /* AppIcon29x29@2x~ipad.png */; };
		22F511161E1EEEFF0024E7B2 /* AppIcon29x29~ipad.png in Resources */ = {isa = PBXBuildFile; fileRef = 22F510FE1E1EEEFF0024E7B2 /* AppIcon29x29~ipad.png */; };
		22F511171E1EEEFF0024E7B2 /* AppIcon40x40~ipad.png in Resources */ = {isa = PBXBuildFile; fileRef = 22F510FF1E1EEEFF0024E7B2 /* AppIcon40x40~ipad.png */; };
		22F511181E1EEEFF0024E7B2 /* AppIcon50x50.png in Resources */ = {isa = PBXBuildFile; fileRef = 22F511001E1EEEFF0024E7B2 /* AppIcon50x50.png */; };
		22F511191E1EEEFF0024E7B2 /* AppIcon50x50@2x.png in Resources */ = {isa = PBXBuildFile; fileRef = 22F511011E1EEEFF0024E7B2 /* AppIcon50x50@2x.png */; };
		22F5111A1E1EEEFF0024E7B2 /* AppIcon57x57~2x.png in Resources */ = {isa = PBXBuildFile; fileRef = 22F511021E1EEEFF0024E7B2 /* AppIcon57x57~2x.png */; };
		22F5111B1E1EEEFF0024E7B2 /* AppIcon58x58.png in Resources */ = {isa = PBXBuildFile; fileRef = 22F511031E1EEEFF0024E7B2 /* AppIcon58x58.png */; };
		22F5111C1E1EEEFF0024E7B2 /* AppIcon60x60.png in Resources */ = {isa = PBXBuildFile; fileRef = 22F511041E1EEEFF0024E7B2 /* AppIcon60x60.png */; };
		22F5111D1E1EEEFF0024E7B2 /* AppIcon72x72.png in Resources */ = {isa = PBXBuildFile; fileRef = 22F511051E1EEEFF0024E7B2 /* AppIcon72x72.png */; };
		22F5111E1E1EEEFF0024E7B2 /* AppIcon72x72@2x.png in Resources */ = {isa = PBXBuildFile; fileRef = 22F511061E1EEEFF0024E7B2 /* AppIcon72x72@2x.png */; };
		22F5111F1E1EEEFF0024E7B2 /* AppIcon76x76@2x~ipad.png in Resources */ = {isa = PBXBuildFile; fileRef = 22F511071E1EEEFF0024E7B2 /* AppIcon76x76@2x~ipad.png */; };
		22F511201E1EEEFF0024E7B2 /* AppIcon76x76~ipad.png in Resources */ = {isa = PBXBuildFile; fileRef = 22F511081E1EEEFF0024E7B2 /* AppIcon76x76~ipad.png */; };
		22F511211E1EEEFF0024E7B2 /* AppIcon80x80.png in Resources */ = {isa = PBXBuildFile; fileRef = 22F511091E1EEEFF0024E7B2 /* AppIcon80x80.png */; };
		22F511221E1EEEFF0024E7B2 /* AppIcon80x80~ipad.png in Resources */ = {isa = PBXBuildFile; fileRef = 22F5110A1E1EEEFF0024E7B2 /* AppIcon80x80~ipad.png */; };
		22F511231E1EEEFF0024E7B2 /* AppIcon83.5x83.5@2x~ipad.png in Resources */ = {isa = PBXBuildFile; fileRef = 22F5110B1E1EEEFF0024E7B2 /* AppIcon83.5x83.5@2x~ipad.png */; };
		22F511241E1EEEFF0024E7B2 /* AppIcon87x87.png in Resources */ = {isa = PBXBuildFile; fileRef = 22F5110C1E1EEEFF0024E7B2 /* AppIcon87x87.png */; };
		22F511251E1EEEFF0024E7B2 /* AppIcon120x120-1.png in Resources */ = {isa = PBXBuildFile; fileRef = 22F5110D1E1EEEFF0024E7B2 /* AppIcon120x120-1.png */; };
		22F511261E1EEEFF0024E7B2 /* AppIcon120x120.png in Resources */ = {isa = PBXBuildFile; fileRef = 22F5110E1E1EEEFF0024E7B2 /* AppIcon120x120.png */; };
		22F511271E1EEEFF0024E7B2 /* AppIcon180x180.png in Resources */ = {isa = PBXBuildFile; fileRef = 22F5110F1E1EEEFF0024E7B2 /* AppIcon180x180.png */; };
		22F511311E1EEF130024E7B2 /* reva568h.png in Resources */ = {isa = PBXBuildFile; fileRef = 22F511281E1EEF130024E7B2 /* reva568h.png */; };
		22F511321E1EEF130024E7B2 /* reva320480.png in Resources */ = {isa = PBXBuildFile; fileRef = 22F511291E1EEF130024E7B2 /* reva320480.png */; };
		22F511331E1EEF130024E7B2 /* reva640960-1.png in Resources */ = {isa = PBXBuildFile; fileRef = 22F5112A1E1EEF130024E7B2 /* reva640960-1.png */; };
		22F511341E1EEF130024E7B2 /* reva640960.png in Resources */ = {isa = PBXBuildFile; fileRef = 22F5112B1E1EEF130024E7B2 /* reva640960.png */; };
		22F511351E1EEF130024E7B2 /* reva6401136-1.png in Resources */ = {isa = PBXBuildFile; fileRef = 22F5112C1E1EEF130024E7B2 /* reva6401136-1.png */; };
		22F511361E1EEF130024E7B2 /* reva6401136-3.png in Resources */ = {isa = PBXBuildFile; fileRef = 22F5112D1E1EEF130024E7B2 /* reva6401136-3.png */; };
		22F511371E1EEF130024E7B2 /* reva7501334.png in Resources */ = {isa = PBXBuildFile; fileRef = 22F5112E1E1EEF130024E7B2 /* reva7501334.png */; };
		22F511381E1EEF130024E7B2 /* reva12422208.png in Resources */ = {isa = PBXBuildFile; fileRef = 22F5112F1E1EEF130024E7B2 /* reva12422208.png */; };
		22F511391E1EEF130024E7B2 /* revaDefault.png in Resources */ = {isa = PBXBuildFile; fileRef = 22F511301E1EEF130024E7B2 /* revaDefault.png */; };
		22F5113C1E1F30BA0024E7B2 /* AppIcon83.5x83.5@2x~ipad_.png in Resources */ = {isa = PBXBuildFile; fileRef = 22F5113B1E1F30BA0024E7B2 /* AppIcon83.5x83.5@2x~ipad_.png */; };
		22F946B61E36A44E006B5E06 /* CustomerRepository.swift in Sources */ = {isa = PBXBuildFile; fileRef = 22F946B51E36A44E006B5E06 /* CustomerRepository.swift */; };
		22F946B81E36A560006B5E06 /* CustomerRepositoryTest.swift in Sources */ = {isa = PBXBuildFile; fileRef = 22F946B71E36A560006B5E06 /* CustomerRepositoryTest.swift */; };
		22F946BB1E36BEB6006B5E06 /* IBMIDRegHelper.swift in Sources */ = {isa = PBXBuildFile; fileRef = 22F946BA1E36BEB6006B5E06 /* IBMIDRegHelper.swift */; };
		22F946BE1E37E460006B5E06 /* BoxServiceUtilTest.swift in Sources */ = {isa = PBXBuildFile; fileRef = 22F946BD1E37E460006B5E06 /* BoxServiceUtilTest.swift */; };
		784BFEE31CB6A386001AB54A /* IBMIDRecognitionViewController.swift in Sources */ = {isa = PBXBuildFile; fileRef = 784BFEE21CB6A386001AB54A /* IBMIDRecognitionViewController.swift */; };
		784BFEE51CB6A3A7001AB54A /* IBMMRZDecodingViewController.swift in Sources */ = {isa = PBXBuildFile; fileRef = 784BFEE41CB6A3A7001AB54A /* IBMMRZDecodingViewController.swift */; };
		784BFEE71CB6B431001AB54A /* IBMPassportPresenter.swift in Sources */ = {isa = PBXBuildFile; fileRef = 784BFEE61CB6B431001AB54A /* IBMPassportPresenter.swift */; };
		78766A9A1C5A49BB0026DD68 /* MBProgressHUD.m in Sources */ = {isa = PBXBuildFile; fileRef = 78766A6D1C5A49BB0026DD68 /* MBProgressHUD.m */; };
		78766A9B1C5A49BB0026DD68 /* Assets.xcassets in Resources */ = {isa = PBXBuildFile; fileRef = 78766A6E1C5A49BB0026DD68 /* Assets.xcassets */; };
		78766A9C1C5A49BB0026DD68 /* barcode_aztec.jpg in Resources */ = {isa = PBXBuildFile; fileRef = 78766A701C5A49BB0026DD68 /* barcode_aztec.jpg */; };
		78766A9D1C5A49BB0026DD68 /* barcode_code_128.jpg in Resources */ = {isa = PBXBuildFile; fileRef = 78766A711C5A49BB0026DD68 /* barcode_code_128.jpg */; };
		78766A9E1C5A49BB0026DD68 /* barcode_code_39.jpg in Resources */ = {isa = PBXBuildFile; fileRef = 78766A721C5A49BB0026DD68 /* barcode_code_39.jpg */; };
		78766A9F1C5A49BB0026DD68 /* barcode_code_93.jpg in Resources */ = {isa = PBXBuildFile; fileRef = 78766A731C5A49BB0026DD68 /* barcode_code_93.jpg */; };
		78766AA01C5A49BB0026DD68 /* barcode_data_matrix.jpg in Resources */ = {isa = PBXBuildFile; fileRef = 78766A741C5A49BB0026DD68 /* barcode_data_matrix.jpg */; };
		78766AA11C5A49BB0026DD68 /* barcode_ean_128.jpg in Resources */ = {isa = PBXBuildFile; fileRef = 78766A751C5A49BB0026DD68 /* barcode_ean_128.jpg */; };
		78766AA21C5A49BB0026DD68 /* barcode_ean_13_sup.jpg in Resources */ = {isa = PBXBuildFile; fileRef = 78766A761C5A49BB0026DD68 /* barcode_ean_13_sup.jpg */; };
		78766AA31C5A49BB0026DD68 /* barcode_ean_8.jpg in Resources */ = {isa = PBXBuildFile; fileRef = 78766A771C5A49BB0026DD68 /* barcode_ean_8.jpg */; };
		78766AA41C5A49BB0026DD68 /* barcode_ean_pdf_417.jpg in Resources */ = {isa = PBXBuildFile; fileRef = 78766A781C5A49BB0026DD68 /* barcode_ean_pdf_417.jpg */; };
		78766AA51C5A49BB0026DD68 /* barcode_itf.jpg in Resources */ = {isa = PBXBuildFile; fileRef = 78766A791C5A49BB0026DD68 /* barcode_itf.jpg */; };
		78766AA61C5A49BB0026DD68 /* barcode_qr_code.png in Resources */ = {isa = PBXBuildFile; fileRef = 78766A7A1C5A49BB0026DD68 /* barcode_qr_code.png */; };
		78766AA71C5A49BB0026DD68 /* barcode_upc_a.jpg in Resources */ = {isa = PBXBuildFile; fileRef = 78766A7B1C5A49BB0026DD68 /* barcode_upc_a.jpg */; };
		78766AA81C5A49BB0026DD68 /* barcode_upc_e.jpg in Resources */ = {isa = PBXBuildFile; fileRef = 78766A7C1C5A49BB0026DD68 /* barcode_upc_e.jpg */; };
		78766AA91C5A49BB0026DD68 /* carloan.png in Resources */ = {isa = PBXBuildFile; fileRef = 78766A7D1C5A49BB0026DD68 /* carloan.png */; };
		78766AAA1C5A49BB0026DD68 /* some_barcodes.jpg in Resources */ = {isa = PBXBuildFile; fileRef = 78766A7E1C5A49BB0026DD68 /* some_barcodes.jpg */; };
		78766AAB1C5A49BB0026DD68 /* IBMStoryboard.storyboard in Resources */ = {isa = PBXBuildFile; fileRef = 78766A7F1C5A49BB0026DD68 /* IBMStoryboard.storyboard */; };
		78766AAC1C5A49BB0026DD68 /* LaunchScreen.storyboard in Resources */ = {isa = PBXBuildFile; fileRef = 78766A811C5A49BB0026DD68 /* LaunchScreen.storyboard */; };
		78766AAD1C5A49BB0026DD68 /* IBMAppDelegate.swift in Sources */ = {isa = PBXBuildFile; fileRef = 78766A831C5A49BB0026DD68 /* IBMAppDelegate.swift */; };
		78766AAE1C5A49BB0026DD68 /* IBMBarcodeTableViewController.swift in Sources */ = {isa = PBXBuildFile; fileRef = 78766A841C5A49BB0026DD68 /* IBMBarcodeTableViewController.swift */; };
		78766AAF1C5A49BB0026DD68 /* IBMBarcodeViewController.swift in Sources */ = {isa = PBXBuildFile; fileRef = 78766A851C5A49BB0026DD68 /* IBMBarcodeViewController.swift */; };
		78766AB01C5A49BB0026DD68 /* IBMBatchTableViewController.swift in Sources */ = {isa = PBXBuildFile; fileRef = 78766A861C5A49BB0026DD68 /* IBMBatchTableViewController.swift */; };
		78766AB11C5A49BB0026DD68 /* IBMCameraViewController.swift in Sources */ = {isa = PBXBuildFile; fileRef = 78766A871C5A49BB0026DD68 /* IBMCameraViewController.swift */; };
		78766AB21C5A49BB0026DD68 /* IBMCheckCountrySelectionController.swift in Sources */ = {isa = PBXBuildFile; fileRef = 78766A891C5A49BB0026DD68 /* IBMCheckCountrySelectionController.swift */; };
		78766AB31C5A49BB0026DD68 /* IBMDemo.swift in Sources */ = {isa = PBXBuildFile; fileRef = 78766A8A1C5A49BB0026DD68 /* IBMDemo.swift */; };
		78766AB41C5A49BB0026DD68 /* IBMDocumentTableViewController.swift in Sources */ = {isa = PBXBuildFile; fileRef = 78766A8B1C5A49BB0026DD68 /* IBMDocumentTableViewController.swift */; };
		78766AB51C5A49BB0026DD68 /* IBMEditPageImageViewController.swift in Sources */ = {isa = PBXBuildFile; fileRef = 78766A8C1C5A49BB0026DD68 /* IBMEditPageImageViewController.swift */; };
		78766AB61C5A49BB0026DD68 /* IBMImageViewController.swift in Sources */ = {isa = PBXBuildFile; fileRef = 78766A8D1C5A49BB0026DD68 /* IBMImageViewController.swift */; };
		78766AB71C5A49BB0026DD68 /* IBMLoginController.swift in Sources */ = {isa = PBXBuildFile; fileRef = 78766A8E1C5A49BB0026DD68 /* IBMLoginController.swift */; };
		78766AB81C5A49BB0026DD68 /* IBMMainTableViewController.swift in Sources */ = {isa = PBXBuildFile; fileRef = 78766A8F1C5A49BB0026DD68 /* IBMMainTableViewController.swift */; };
		78766AB91C5A49BB0026DD68 /* IBMOCRViewController.swift in Sources */ = {isa = PBXBuildFile; fileRef = 78766A901C5A49BB0026DD68 /* IBMOCRViewController.swift */; };
		78766ABA1C5A49BB0026DD68 /* IBMPageViewController.swift in Sources */ = {isa = PBXBuildFile; fileRef = 78766A911C5A49BB0026DD68 /* IBMPageViewController.swift */; };
		78766ABB1C5A49BB0026DD68 /* IBMSelectionTableViewController.swift in Sources */ = {isa = PBXBuildFile; fileRef = 78766A921C5A49BB0026DD68 /* IBMSelectionTableViewController.swift */; };
		78766ABC1C5A49BB0026DD68 /* IBMServiceConfigurationController.swift in Sources */ = {isa = PBXBuildFile; fileRef = 78766A931C5A49BB0026DD68 /* IBMServiceConfigurationController.swift */; };
		78766ABD1C5A49BB0026DD68 /* IBMTextFieldCell.swift in Sources */ = {isa = PBXBuildFile; fileRef = 78766A941C5A49BB0026DD68 /* IBMTextFieldCell.swift */; };
		78766ABE1C5A49BB0026DD68 /* IBMUIImageEffects.swift in Sources */ = {isa = PBXBuildFile; fileRef = 78766A951C5A49BB0026DD68 /* IBMUIImageEffects.swift */; };
		78766AC11C5A49BB0026DD68 /* UIImage+Extension.swift in Sources */ = {isa = PBXBuildFile; fileRef = 78766A991C5A49BB0026DD68 /* UIImage+Extension.swift */; };
		78766AD01C5A4A4C0026DD68 /* tessdata in Resources */ = {isa = PBXBuildFile; fileRef = 78766ACF1C5A4A4C0026DD68 /* tessdata */; };
		8BAB91045321118E042E58CD /* Pods_IBMCaptureSDK_SampleTests.framework in Frameworks */ = {isa = PBXBuildFile; fileRef = 5C3B3B1F911FE57122C9890F /* Pods_IBMCaptureSDK_SampleTests.framework */; };
		A9B26D5CD9799C9FC85E6B82 /* Pods_IBMCaptureSDK_Sample.framework in Frameworks */ = {isa = PBXBuildFile; fileRef = 6FDEAAEEA6837F9A8875CB55 /* Pods_IBMCaptureSDK_Sample.framework */; };
/* End PBXBuildFile section */

/* Begin PBXContainerItemProxy section */
		2279A15A1E03294F00E453E8 /* PBXContainerItemProxy */ = {
			isa = PBXContainerItemProxy;
			containerPortal = F908CD321C3E7553009CBCCB /* Project object */;
			proxyType = 1;
			remoteGlobalIDString = F908CD391C3E7553009CBCCB;
			remoteInfo = "IBMCaptureSDK-Sample";
		};
/* End PBXContainerItemProxy section */

/* Begin PBXCopyFilesBuildPhase section */
		22A7E5CD1E04C8F90075EF37 /* Embed Frameworks */ = {
			isa = PBXCopyFilesBuildPhase;
			buildActionMask = 2147483647;
			dstPath = "";
			dstSubfolderSpec = 10;
			files = (
				22A7E5CA1E04C8F90075EF37 /* IBMCaptureSDK.framework in Embed Frameworks */,
				22A7E5CC1E04C8F90075EF37 /* IBMCaptureUISDK.framework in Embed Frameworks */,
			);
			name = "Embed Frameworks";
			runOnlyForDeploymentPostprocessing = 0;
		};
/* End PBXCopyFilesBuildPhase section */

/* Begin PBXFileReference section */
		2211F03A1E287C1C0055CB19 /* IBMRegControllerTest.swift */ = {isa = PBXFileReference; fileEncoding = 4; lastKnownFileType = sourcecode.swift; path = IBMRegControllerTest.swift; sourceTree = "<group>"; };
		2215FF301E0B4C9500521973 /* BoxUploadViewController.swift */ = {isa = PBXFileReference; fileEncoding = 4; lastKnownFileType = sourcecode.swift; path = BoxUploadViewController.swift; sourceTree = "<group>"; };
		2215FF321E0B506800521973 /* BoxUploadViewControllerTest.swift */ = {isa = PBXFileReference; fileEncoding = 4; lastKnownFileType = sourcecode.swift; path = BoxUploadViewControllerTest.swift; sourceTree = "<group>"; };
		2218AD9B1E09D660003B4E24 /* BoxLoginViewController.swift */ = {isa = PBXFileReference; fileEncoding = 4; lastKnownFileType = sourcecode.swift; path = BoxLoginViewController.swift; sourceTree = "<group>"; };
		2218AD9D1E09ECBB003B4E24 /* BoxLoginViewControllerTest.swift */ = {isa = PBXFileReference; fileEncoding = 4; lastKnownFileType = sourcecode.swift; path = BoxLoginViewControllerTest.swift; sourceTree = "<group>"; };
		2218B59E1E36907000C8E173 /* BoxServiceUtil.swift */ = {isa = PBXFileReference; fileEncoding = 4; lastKnownFileType = sourcecode.swift; path = BoxServiceUtil.swift; sourceTree = "<group>"; };
		2218B5A01E3694A500C8E173 /* BoxServiceFolderTest.swift */ = {isa = PBXFileReference; fileEncoding = 4; lastKnownFileType = sourcecode.swift; path = BoxServiceFolderTest.swift; sourceTree = "<group>"; };
		223CF3571E04C832004F2B48 /* BoxContentSDK.framework */ = {isa = PBXFileReference; lastKnownFileType = wrapper.framework; name = BoxContentSDK.framework; path = "../../Library/Developer/Xcode/DerivedData/MyWorkspace-bcwhivycfzqkzebejcyxqmgcppyj/Build/Products/Debug-iphoneos/box-ios-sdk/BoxContentSDK.framework"; sourceTree = "<group>"; };
		224D759C1E28453A004AB51C /* Frameworks */ = {isa = PBXFileReference; lastKnownFileType = folder; path = Frameworks; sourceTree = "<group>"; };
		22500B6A1E295E4C00443D93 /* PodData.swift */ = {isa = PBXFileReference; fileEncoding = 4; lastKnownFileType = sourcecode.swift; path = PodData.swift; sourceTree = "<group>"; };
		225EBD161E2FF1E600B1B82F /* podSample.png */ = {isa = PBXFileReference; lastKnownFileType = image.png; path = podSample.png; sourceTree = "<group>"; };
		225EBD171E2FF1E600B1B82F /* podSample2.png */ = {isa = PBXFileReference; lastKnownFileType = image.png; path = podSample2.png; sourceTree = "<group>"; };
		2279A14F1E03293800E453E8 /* BoxService.swift */ = {isa = PBXFileReference; fileEncoding = 4; lastKnownFileType = sourcecode.swift; path = BoxService.swift; sourceTree = "<group>"; };
		2279A1551E03294E00E453E8 /* IBMCaptureSDK-SampleTests.xctest */ = {isa = PBXFileReference; explicitFileType = wrapper.cfbundle; includeInIndex = 0; path = "IBMCaptureSDK-SampleTests.xctest"; sourceTree = BUILT_PRODUCTS_DIR; };
		2279A1571E03294F00E453E8 /* BoxServiceFileTest.swift */ = {isa = PBXFileReference; lastKnownFileType = sourcecode.swift; path = BoxServiceFileTest.swift; sourceTree = "<group>"; };
		2279A1591E03294F00E453E8 /* Info.plist */ = {isa = PBXFileReference; lastKnownFileType = text.plist.xml; path = Info.plist; sourceTree = "<group>"; };
		22A7E5CE1E04C90D0075EF37 /* box-ios-sdk */ = {isa = PBXFileReference; lastKnownFileType = folder; name = "box-ios-sdk"; path = "Pods/box-ios-sdk"; sourceTree = "<group>"; };
		22C63A1C1E2D5B2000569F75 /* PODPresenter.swift */ = {isa = PBXFileReference; fileEncoding = 4; lastKnownFileType = sourcecode.swift; path = PODPresenter.swift; sourceTree = "<group>"; };
		22C63A201E2D920D00569F75 /* pod2.jpg */ = {isa = PBXFileReference; lastKnownFileType = image.jpeg; path = pod2.jpg; sourceTree = "<group>"; };
		22C63A211E2D920D00569F75 /* pod3.jpg */ = {isa = PBXFileReference; lastKnownFileType = image.jpeg; path = pod3.jpg; sourceTree = "<group>"; };
		22C63A221E2D920D00569F75 /* pod4.jpg */ = {isa = PBXFileReference; lastKnownFileType = image.jpeg; path = pod4.jpg; sourceTree = "<group>"; };
		22C63A231E2D920D00569F75 /* pod5.jpg */ = {isa = PBXFileReference; lastKnownFileType = image.jpeg; path = pod5.jpg; sourceTree = "<group>"; };
		22C63A281E2D94C600569F75 /* pod.png */ = {isa = PBXFileReference; lastKnownFileType = image.png; path = pod.png; sourceTree = "<group>"; };
		22C63A2C1E2D958A00569F75 /* PodDataHelperTest.swift */ = {isa = PBXFileReference; fileEncoding = 4; lastKnownFileType = sourcecode.swift; path = PodDataHelperTest.swift; sourceTree = "<group>"; };
		22C63A2E1E2D99A900569F75 /* PodDataHelper.swift */ = {isa = PBXFileReference; fileEncoding = 4; lastKnownFileType = sourcecode.swift; path = PodDataHelper.swift; sourceTree = "<group>"; };
		22C65A5F1E27035F000E116B /* Base */ = {isa = PBXFileReference; lastKnownFileType = file.storyboard; name = Base; path = Base.lproj/PODDemo.storyboard; sourceTree = "<group>"; };
		22C65A611E270861000E116B /* MainViewController.swift */ = {isa = PBXFileReference; fileEncoding = 4; lastKnownFileType = sourcecode.swift; name = MainViewController.swift; path = "IBMCaptureSDK-Sample/MainViewController.swift"; sourceTree = SOURCE_ROOT; };
		22C65A631E2708CE000E116B /* MainViewControllerTest.swift */ = {isa = PBXFileReference; fileEncoding = 4; lastKnownFileType = sourcecode.swift; name = MainViewControllerTest.swift; path = ../../../Downloads/MainViewControllerTest.swift; sourceTree = "<group>"; };
		22F08B6A1E0C872B0081A0A9 /* UploadVCProtocol.swift */ = {isa = PBXFileReference; fileEncoding = 4; lastKnownFileType = sourcecode.swift; path = UploadVCProtocol.swift; sourceTree = "<group>"; };
		22F08B6D1E0C884B0081A0A9 /* IBMEditPageImageViewControllerTest.swift */ = {isa = PBXFileReference; fileEncoding = 4; lastKnownFileType = sourcecode.swift; path = IBMEditPageImageViewControllerTest.swift; sourceTree = "<group>"; };
		22F08B721E1491200081A0A9 /* ImageUtil.swift */ = {isa = PBXFileReference; fileEncoding = 4; lastKnownFileType = sourcecode.swift; path = ImageUtil.swift; sourceTree = "<group>"; };
		22F510F51E1EEC640024E7B2 /* Images.xcassets */ = {isa = PBXFileReference; lastKnownFileType = folder.assetcatalog; path = Images.xcassets; sourceTree = "<group>"; };
		22F510F81E1EEEFF0024E7B2 /* AppIcon20x20@2x.png */ = {isa = PBXFileReference; lastKnownFileType = image.png; name = "AppIcon20x20@2x.png"; path = "../../../Downloads/Images.xcassets/AppIcon.appiconset/AppIcon20x20@2x.png"; sourceTree = "<group>"; };
		22F510F91E1EEEFF0024E7B2 /* AppIcon20x20@2x~ipad.png */ = {isa = PBXFileReference; lastKnownFileType = image.png; name = "AppIcon20x20@2x~ipad.png"; path = "../../../Downloads/Images.xcassets/AppIcon.appiconset/AppIcon20x20@2x~ipad.png"; sourceTree = "<group>"; };
		22F510FA1E1EEEFF0024E7B2 /* AppIcon20x20~ipad.png */ = {isa = PBXFileReference; lastKnownFileType = image.png; name = "AppIcon20x20~ipad.png"; path = "../../../Downloads/Images.xcassets/AppIcon.appiconset/AppIcon20x20~ipad.png"; sourceTree = "<group>"; };
		22F510FB1E1EEEFF0024E7B2 /* AppIcon29x29.png */ = {isa = PBXFileReference; lastKnownFileType = image.png; name = AppIcon29x29.png; path = ../../../Downloads/Images.xcassets/AppIcon.appiconset/AppIcon29x29.png; sourceTree = "<group>"; };
		22F510FC1E1EEEFF0024E7B2 /* AppIcon29x29@2x~ipad-1.png */ = {isa = PBXFileReference; lastKnownFileType = image.png; name = "AppIcon29x29@2x~ipad-1.png"; path = "../../../Downloads/Images.xcassets/AppIcon.appiconset/AppIcon29x29@2x~ipad-1.png"; sourceTree = "<group>"; };
		22F510FD1E1EEEFF0024E7B2 /* AppIcon29x29@2x~ipad.png */ = {isa = PBXFileReference; lastKnownFileType = image.png; name = "AppIcon29x29@2x~ipad.png"; path = "../../../Downloads/Images.xcassets/AppIcon.appiconset/AppIcon29x29@2x~ipad.png"; sourceTree = "<group>"; };
		22F510FE1E1EEEFF0024E7B2 /* AppIcon29x29~ipad.png */ = {isa = PBXFileReference; lastKnownFileType = image.png; name = "AppIcon29x29~ipad.png"; path = "../../../Downloads/Images.xcassets/AppIcon.appiconset/AppIcon29x29~ipad.png"; sourceTree = "<group>"; };
		22F510FF1E1EEEFF0024E7B2 /* AppIcon40x40~ipad.png */ = {isa = PBXFileReference; lastKnownFileType = image.png; name = "AppIcon40x40~ipad.png"; path = "../../../Downloads/Images.xcassets/AppIcon.appiconset/AppIcon40x40~ipad.png"; sourceTree = "<group>"; };
		22F511001E1EEEFF0024E7B2 /* AppIcon50x50.png */ = {isa = PBXFileReference; lastKnownFileType = image.png; name = AppIcon50x50.png; path = ../../../Downloads/Images.xcassets/AppIcon.appiconset/AppIcon50x50.png; sourceTree = "<group>"; };
		22F511011E1EEEFF0024E7B2 /* AppIcon50x50@2x.png */ = {isa = PBXFileReference; lastKnownFileType = image.png; name = "AppIcon50x50@2x.png"; path = "../../../Downloads/Images.xcassets/AppIcon.appiconset/AppIcon50x50@2x.png"; sourceTree = "<group>"; };
		22F511021E1EEEFF0024E7B2 /* AppIcon57x57~2x.png */ = {isa = PBXFileReference; lastKnownFileType = image.png; name = "AppIcon57x57~2x.png"; path = "../../../Downloads/Images.xcassets/AppIcon.appiconset/AppIcon57x57~2x.png"; sourceTree = "<group>"; };
		22F511031E1EEEFF0024E7B2 /* AppIcon58x58.png */ = {isa = PBXFileReference; lastKnownFileType = image.png; name = AppIcon58x58.png; path = ../../../Downloads/Images.xcassets/AppIcon.appiconset/AppIcon58x58.png; sourceTree = "<group>"; };
		22F511041E1EEEFF0024E7B2 /* AppIcon60x60.png */ = {isa = PBXFileReference; lastKnownFileType = image.png; name = AppIcon60x60.png; path = ../../../Downloads/Images.xcassets/AppIcon.appiconset/AppIcon60x60.png; sourceTree = "<group>"; };
		22F511051E1EEEFF0024E7B2 /* AppIcon72x72.png */ = {isa = PBXFileReference; lastKnownFileType = image.png; name = AppIcon72x72.png; path = ../../../Downloads/Images.xcassets/AppIcon.appiconset/AppIcon72x72.png; sourceTree = "<group>"; };
		22F511061E1EEEFF0024E7B2 /* AppIcon72x72@2x.png */ = {isa = PBXFileReference; lastKnownFileType = image.png; name = "AppIcon72x72@2x.png"; path = "../../../Downloads/Images.xcassets/AppIcon.appiconset/AppIcon72x72@2x.png"; sourceTree = "<group>"; };
		22F511071E1EEEFF0024E7B2 /* AppIcon76x76@2x~ipad.png */ = {isa = PBXFileReference; lastKnownFileType = image.png; name = "AppIcon76x76@2x~ipad.png"; path = "../../../Downloads/Images.xcassets/AppIcon.appiconset/AppIcon76x76@2x~ipad.png"; sourceTree = "<group>"; };
		22F511081E1EEEFF0024E7B2 /* AppIcon76x76~ipad.png */ = {isa = PBXFileReference; lastKnownFileType = image.png; name = "AppIcon76x76~ipad.png"; path = "../../../Downloads/Images.xcassets/AppIcon.appiconset/AppIcon76x76~ipad.png"; sourceTree = "<group>"; };
		22F511091E1EEEFF0024E7B2 /* AppIcon80x80.png */ = {isa = PBXFileReference; lastKnownFileType = image.png; name = AppIcon80x80.png; path = ../../../Downloads/Images.xcassets/AppIcon.appiconset/AppIcon80x80.png; sourceTree = "<group>"; };
		22F5110A1E1EEEFF0024E7B2 /* AppIcon80x80~ipad.png */ = {isa = PBXFileReference; lastKnownFileType = image.png; name = "AppIcon80x80~ipad.png"; path = "../../../Downloads/Images.xcassets/AppIcon.appiconset/AppIcon80x80~ipad.png"; sourceTree = "<group>"; };
		22F5110B1E1EEEFF0024E7B2 /* AppIcon83.5x83.5@2x~ipad.png */ = {isa = PBXFileReference; lastKnownFileType = image.png; name = "AppIcon83.5x83.5@2x~ipad.png"; path = "../../../Downloads/Images.xcassets/AppIcon.appiconset/AppIcon83.5x83.5@2x~ipad.png"; sourceTree = "<group>"; };
		22F5110C1E1EEEFF0024E7B2 /* AppIcon87x87.png */ = {isa = PBXFileReference; lastKnownFileType = image.png; name = AppIcon87x87.png; path = ../../../Downloads/Images.xcassets/AppIcon.appiconset/AppIcon87x87.png; sourceTree = "<group>"; };
		22F5110D1E1EEEFF0024E7B2 /* AppIcon120x120-1.png */ = {isa = PBXFileReference; lastKnownFileType = image.png; name = "AppIcon120x120-1.png"; path = "../../../Downloads/Images.xcassets/AppIcon.appiconset/AppIcon120x120-1.png"; sourceTree = "<group>"; };
		22F5110E1E1EEEFF0024E7B2 /* AppIcon120x120.png */ = {isa = PBXFileReference; lastKnownFileType = image.png; name = AppIcon120x120.png; path = ../../../Downloads/Images.xcassets/AppIcon.appiconset/AppIcon120x120.png; sourceTree = "<group>"; };
		22F5110F1E1EEEFF0024E7B2 /* AppIcon180x180.png */ = {isa = PBXFileReference; lastKnownFileType = image.png; name = AppIcon180x180.png; path = ../../../Downloads/Images.xcassets/AppIcon.appiconset/AppIcon180x180.png; sourceTree = "<group>"; };
		22F511281E1EEF130024E7B2 /* reva568h.png */ = {isa = PBXFileReference; lastKnownFileType = image.png; name = reva568h.png; path = ../../../Downloads/Images.xcassets/LaunchImage.launchimage/reva568h.png; sourceTree = "<group>"; };
		22F511291E1EEF130024E7B2 /* reva320480.png */ = {isa = PBXFileReference; lastKnownFileType = image.png; name = reva320480.png; path = ../../../Downloads/Images.xcassets/LaunchImage.launchimage/reva320480.png; sourceTree = "<group>"; };
		22F5112A1E1EEF130024E7B2 /* reva640960-1.png */ = {isa = PBXFileReference; lastKnownFileType = image.png; name = "reva640960-1.png"; path = "../../../Downloads/Images.xcassets/LaunchImage.launchimage/reva640960-1.png"; sourceTree = "<group>"; };
		22F5112B1E1EEF130024E7B2 /* reva640960.png */ = {isa = PBXFileReference; lastKnownFileType = image.png; name = reva640960.png; path = ../../../Downloads/Images.xcassets/LaunchImage.launchimage/reva640960.png; sourceTree = "<group>"; };
		22F5112C1E1EEF130024E7B2 /* reva6401136-1.png */ = {isa = PBXFileReference; lastKnownFileType = image.png; name = "reva6401136-1.png"; path = "../../../Downloads/Images.xcassets/LaunchImage.launchimage/reva6401136-1.png"; sourceTree = "<group>"; };
		22F5112D1E1EEF130024E7B2 /* reva6401136-3.png */ = {isa = PBXFileReference; lastKnownFileType = image.png; name = "reva6401136-3.png"; path = "../../../Downloads/Images.xcassets/LaunchImage.launchimage/reva6401136-3.png"; sourceTree = "<group>"; };
		22F5112E1E1EEF130024E7B2 /* reva7501334.png */ = {isa = PBXFileReference; lastKnownFileType = image.png; name = reva7501334.png; path = ../../../Downloads/Images.xcassets/LaunchImage.launchimage/reva7501334.png; sourceTree = "<group>"; };
		22F5112F1E1EEF130024E7B2 /* reva12422208.png */ = {isa = PBXFileReference; lastKnownFileType = image.png; name = reva12422208.png; path = ../../../Downloads/Images.xcassets/LaunchImage.launchimage/reva12422208.png; sourceTree = "<group>"; };
		22F511301E1EEF130024E7B2 /* revaDefault.png */ = {isa = PBXFileReference; lastKnownFileType = image.png; name = revaDefault.png; path = ../../../Downloads/Images.xcassets/LaunchImage.launchimage/revaDefault.png; sourceTree = "<group>"; };
		22F5113B1E1F30BA0024E7B2 /* AppIcon83.5x83.5@2x~ipad_.png */ = {isa = PBXFileReference; lastKnownFileType = image.png; name = "AppIcon83.5x83.5@2x~ipad_.png"; path = "../../../Downloads/Images.xcassets/AppIcon.appiconset/AppIcon83.5x83.5@2x~ipad_.png"; sourceTree = "<group>"; };
		22F946B51E36A44E006B5E06 /* CustomerRepository.swift */ = {isa = PBXFileReference; fileEncoding = 4; lastKnownFileType = sourcecode.swift; path = CustomerRepository.swift; sourceTree = "<group>"; };
		22F946B71E36A560006B5E06 /* CustomerRepositoryTest.swift */ = {isa = PBXFileReference; fileEncoding = 4; lastKnownFileType = sourcecode.swift; path = CustomerRepositoryTest.swift; sourceTree = "<group>"; };
		22F946BA1E36BEB6006B5E06 /* IBMIDRegHelper.swift */ = {isa = PBXFileReference; fileEncoding = 4; lastKnownFileType = sourcecode.swift; path = IBMIDRegHelper.swift; sourceTree = "<group>"; };
		22F946BD1E37E460006B5E06 /* BoxServiceUtilTest.swift */ = {isa = PBXFileReference; fileEncoding = 4; lastKnownFileType = sourcecode.swift; path = BoxServiceUtilTest.swift; sourceTree = "<group>"; };
		4CDC7BDE804CFA84B4EEEC72 /* Pods-IBMCaptureSDK-SampleTests.debug.xcconfig */ = {isa = PBXFileReference; includeInIndex = 1; lastKnownFileType = text.xcconfig; name = "Pods-IBMCaptureSDK-SampleTests.debug.xcconfig"; path = "Pods/Target Support Files/Pods-IBMCaptureSDK-SampleTests/Pods-IBMCaptureSDK-SampleTests.debug.xcconfig"; sourceTree = "<group>"; };
		58AEB377E78E5D0DF8099895 /* Pods-IBMCaptureSDK-Sample.release.xcconfig */ = {isa = PBXFileReference; includeInIndex = 1; lastKnownFileType = text.xcconfig; name = "Pods-IBMCaptureSDK-Sample.release.xcconfig"; path = "Pods/Target Support Files/Pods-IBMCaptureSDK-Sample/Pods-IBMCaptureSDK-Sample.release.xcconfig"; sourceTree = "<group>"; };
		5C3B3B1F911FE57122C9890F /* Pods_IBMCaptureSDK_SampleTests.framework */ = {isa = PBXFileReference; explicitFileType = wrapper.framework; includeInIndex = 0; path = Pods_IBMCaptureSDK_SampleTests.framework; sourceTree = BUILT_PRODUCTS_DIR; };
		6FDEAAEEA6837F9A8875CB55 /* Pods_IBMCaptureSDK_Sample.framework */ = {isa = PBXFileReference; explicitFileType = wrapper.framework; includeInIndex = 0; path = Pods_IBMCaptureSDK_Sample.framework; sourceTree = BUILT_PRODUCTS_DIR; };
		784BFEE21CB6A386001AB54A /* IBMIDRecognitionViewController.swift */ = {isa = PBXFileReference; fileEncoding = 4; lastKnownFileType = sourcecode.swift; path = IBMIDRecognitionViewController.swift; sourceTree = "<group>"; };
		784BFEE41CB6A3A7001AB54A /* IBMMRZDecodingViewController.swift */ = {isa = PBXFileReference; fileEncoding = 4; lastKnownFileType = sourcecode.swift; path = IBMMRZDecodingViewController.swift; sourceTree = "<group>"; };
		784BFEE61CB6B431001AB54A /* IBMPassportPresenter.swift */ = {isa = PBXFileReference; fileEncoding = 4; lastKnownFileType = sourcecode.swift; path = IBMPassportPresenter.swift; sourceTree = "<group>"; };
		78766A6C1C5A49BB0026DD68 /* MBProgressHUD.h */ = {isa = PBXFileReference; fileEncoding = 4; lastKnownFileType = sourcecode.c.h; path = MBProgressHUD.h; sourceTree = "<group>"; };
		78766A6D1C5A49BB0026DD68 /* MBProgressHUD.m */ = {isa = PBXFileReference; fileEncoding = 4; lastKnownFileType = sourcecode.c.objc; path = MBProgressHUD.m; sourceTree = "<group>"; };
		78766A6E1C5A49BB0026DD68 /* Assets.xcassets */ = {isa = PBXFileReference; lastKnownFileType = folder.assetcatalog; path = Assets.xcassets; sourceTree = "<group>"; };
		78766A701C5A49BB0026DD68 /* barcode_aztec.jpg */ = {isa = PBXFileReference; lastKnownFileType = image.jpeg; path = barcode_aztec.jpg; sourceTree = "<group>"; };
		78766A711C5A49BB0026DD68 /* barcode_code_128.jpg */ = {isa = PBXFileReference; lastKnownFileType = image.jpeg; path = barcode_code_128.jpg; sourceTree = "<group>"; };
		78766A721C5A49BB0026DD68 /* barcode_code_39.jpg */ = {isa = PBXFileReference; lastKnownFileType = image.jpeg; path = barcode_code_39.jpg; sourceTree = "<group>"; };
		78766A731C5A49BB0026DD68 /* barcode_code_93.jpg */ = {isa = PBXFileReference; lastKnownFileType = image.jpeg; path = barcode_code_93.jpg; sourceTree = "<group>"; };
		78766A741C5A49BB0026DD68 /* barcode_data_matrix.jpg */ = {isa = PBXFileReference; lastKnownFileType = image.jpeg; path = barcode_data_matrix.jpg; sourceTree = "<group>"; };
		78766A751C5A49BB0026DD68 /* barcode_ean_128.jpg */ = {isa = PBXFileReference; lastKnownFileType = image.jpeg; path = barcode_ean_128.jpg; sourceTree = "<group>"; };
		78766A761C5A49BB0026DD68 /* barcode_ean_13_sup.jpg */ = {isa = PBXFileReference; lastKnownFileType = image.jpeg; path = barcode_ean_13_sup.jpg; sourceTree = "<group>"; };
		78766A771C5A49BB0026DD68 /* barcode_ean_8.jpg */ = {isa = PBXFileReference; lastKnownFileType = image.jpeg; path = barcode_ean_8.jpg; sourceTree = "<group>"; };
		78766A781C5A49BB0026DD68 /* barcode_ean_pdf_417.jpg */ = {isa = PBXFileReference; lastKnownFileType = image.jpeg; path = barcode_ean_pdf_417.jpg; sourceTree = "<group>"; };
		78766A791C5A49BB0026DD68 /* barcode_itf.jpg */ = {isa = PBXFileReference; lastKnownFileType = image.jpeg; path = barcode_itf.jpg; sourceTree = "<group>"; };
		78766A7A1C5A49BB0026DD68 /* barcode_qr_code.png */ = {isa = PBXFileReference; lastKnownFileType = image.png; path = barcode_qr_code.png; sourceTree = "<group>"; };
		78766A7B1C5A49BB0026DD68 /* barcode_upc_a.jpg */ = {isa = PBXFileReference; lastKnownFileType = image.jpeg; path = barcode_upc_a.jpg; sourceTree = "<group>"; };
		78766A7C1C5A49BB0026DD68 /* barcode_upc_e.jpg */ = {isa = PBXFileReference; lastKnownFileType = image.jpeg; path = barcode_upc_e.jpg; sourceTree = "<group>"; };
		78766A7D1C5A49BB0026DD68 /* carloan.png */ = {isa = PBXFileReference; lastKnownFileType = image.png; path = carloan.png; sourceTree = "<group>"; };
		78766A7E1C5A49BB0026DD68 /* some_barcodes.jpg */ = {isa = PBXFileReference; lastKnownFileType = image.jpeg; path = some_barcodes.jpg; sourceTree = "<group>"; };
		78766A801C5A49BB0026DD68 /* Base */ = {isa = PBXFileReference; lastKnownFileType = file.storyboard; name = Base; path = Base.lproj/IBMStoryboard.storyboard; sourceTree = "<group>"; };
		78766A821C5A49BB0026DD68 /* Base */ = {isa = PBXFileReference; lastKnownFileType = file.storyboard; name = Base; path = Base.lproj/LaunchScreen.storyboard; sourceTree = "<group>"; };
		78766A831C5A49BB0026DD68 /* IBMAppDelegate.swift */ = {isa = PBXFileReference; fileEncoding = 4; lastKnownFileType = sourcecode.swift; path = IBMAppDelegate.swift; sourceTree = "<group>"; };
		78766A841C5A49BB0026DD68 /* IBMBarcodeTableViewController.swift */ = {isa = PBXFileReference; fileEncoding = 4; lastKnownFileType = sourcecode.swift; path = IBMBarcodeTableViewController.swift; sourceTree = "<group>"; };
		78766A851C5A49BB0026DD68 /* IBMBarcodeViewController.swift */ = {isa = PBXFileReference; fileEncoding = 4; lastKnownFileType = sourcecode.swift; path = IBMBarcodeViewController.swift; sourceTree = "<group>"; };
		78766A861C5A49BB0026DD68 /* IBMBatchTableViewController.swift */ = {isa = PBXFileReference; fileEncoding = 4; lastKnownFileType = sourcecode.swift; path = IBMBatchTableViewController.swift; sourceTree = "<group>"; };
		78766A871C5A49BB0026DD68 /* IBMCameraViewController.swift */ = {isa = PBXFileReference; fileEncoding = 4; lastKnownFileType = sourcecode.swift; path = IBMCameraViewController.swift; sourceTree = "<group>"; };
		78766A881C5A49BB0026DD68 /* IBMCaptureSDK-Sample-Bridging-Header.h */ = {isa = PBXFileReference; fileEncoding = 4; lastKnownFileType = sourcecode.c.h; path = "IBMCaptureSDK-Sample-Bridging-Header.h"; sourceTree = "<group>"; };
		78766A891C5A49BB0026DD68 /* IBMCheckCountrySelectionController.swift */ = {isa = PBXFileReference; fileEncoding = 4; lastKnownFileType = sourcecode.swift; path = IBMCheckCountrySelectionController.swift; sourceTree = "<group>"; };
		78766A8A1C5A49BB0026DD68 /* IBMDemo.swift */ = {isa = PBXFileReference; fileEncoding = 4; lastKnownFileType = sourcecode.swift; path = IBMDemo.swift; sourceTree = "<group>"; };
		78766A8B1C5A49BB0026DD68 /* IBMDocumentTableViewController.swift */ = {isa = PBXFileReference; fileEncoding = 4; lastKnownFileType = sourcecode.swift; path = IBMDocumentTableViewController.swift; sourceTree = "<group>"; };
		78766A8C1C5A49BB0026DD68 /* IBMEditPageImageViewController.swift */ = {isa = PBXFileReference; fileEncoding = 4; lastKnownFileType = sourcecode.swift; path = IBMEditPageImageViewController.swift; sourceTree = "<group>"; };
		78766A8D1C5A49BB0026DD68 /* IBMImageViewController.swift */ = {isa = PBXFileReference; fileEncoding = 4; lastKnownFileType = sourcecode.swift; path = IBMImageViewController.swift; sourceTree = "<group>"; };
		78766A8E1C5A49BB0026DD68 /* IBMLoginController.swift */ = {isa = PBXFileReference; fileEncoding = 4; lastKnownFileType = sourcecode.swift; path = IBMLoginController.swift; sourceTree = "<group>"; };
		78766A8F1C5A49BB0026DD68 /* IBMMainTableViewController.swift */ = {isa = PBXFileReference; fileEncoding = 4; lastKnownFileType = sourcecode.swift; path = IBMMainTableViewController.swift; sourceTree = "<group>"; };
		78766A901C5A49BB0026DD68 /* IBMOCRViewController.swift */ = {isa = PBXFileReference; fileEncoding = 4; lastKnownFileType = sourcecode.swift; path = IBMOCRViewController.swift; sourceTree = "<group>"; };
		78766A911C5A49BB0026DD68 /* IBMPageViewController.swift */ = {isa = PBXFileReference; fileEncoding = 4; lastKnownFileType = sourcecode.swift; path = IBMPageViewController.swift; sourceTree = "<group>"; };
		78766A921C5A49BB0026DD68 /* IBMSelectionTableViewController.swift */ = {isa = PBXFileReference; fileEncoding = 4; lastKnownFileType = sourcecode.swift; path = IBMSelectionTableViewController.swift; sourceTree = "<group>"; };
		78766A931C5A49BB0026DD68 /* IBMServiceConfigurationController.swift */ = {isa = PBXFileReference; fileEncoding = 4; lastKnownFileType = sourcecode.swift; path = IBMServiceConfigurationController.swift; sourceTree = "<group>"; };
		78766A941C5A49BB0026DD68 /* IBMTextFieldCell.swift */ = {isa = PBXFileReference; fileEncoding = 4; lastKnownFileType = sourcecode.swift; path = IBMTextFieldCell.swift; sourceTree = "<group>"; };
		78766A951C5A49BB0026DD68 /* IBMUIImageEffects.swift */ = {isa = PBXFileReference; fileEncoding = 4; lastKnownFileType = sourcecode.swift; path = IBMUIImageEffects.swift; sourceTree = "<group>"; };
		78766A961C5A49BB0026DD68 /* Info.plist */ = {isa = PBXFileReference; fileEncoding = 4; lastKnownFileType = text.plist.xml; path = Info.plist; sourceTree = "<group>"; };
		78766A991C5A49BB0026DD68 /* UIImage+Extension.swift */ = {isa = PBXFileReference; fileEncoding = 4; lastKnownFileType = sourcecode.swift; path = "UIImage+Extension.swift"; sourceTree = "<group>"; };
		78766ACF1C5A4A4C0026DD68 /* tessdata */ = {isa = PBXFileReference; lastKnownFileType = folder; path = tessdata; sourceTree = "<group>"; };
		B76076201C68B03C00927117 /* IBMCaptureSDK.framework */ = {isa = PBXFileReference; lastKnownFileType = wrapper.framework; path = IBMCaptureSDK.framework; sourceTree = "<group>"; };
		B76076211C68B03C00927117 /* IBMCaptureUISDK.framework */ = {isa = PBXFileReference; lastKnownFileType = wrapper.framework; path = IBMCaptureUISDK.framework; sourceTree = "<group>"; };
		CC2F386BC36C97601EA55BBB /* Pods-IBMCaptureSDK-Sample.debug.xcconfig */ = {isa = PBXFileReference; includeInIndex = 1; lastKnownFileType = text.xcconfig; name = "Pods-IBMCaptureSDK-Sample.debug.xcconfig"; path = "Pods/Target Support Files/Pods-IBMCaptureSDK-Sample/Pods-IBMCaptureSDK-Sample.debug.xcconfig"; sourceTree = "<group>"; };
		E83B8B7CC1DA1CBFDB901435 /* Pods-IBMCaptureSDK-SampleTests.release.xcconfig */ = {isa = PBXFileReference; includeInIndex = 1; lastKnownFileType = text.xcconfig; name = "Pods-IBMCaptureSDK-SampleTests.release.xcconfig"; path = "Pods/Target Support Files/Pods-IBMCaptureSDK-SampleTests/Pods-IBMCaptureSDK-SampleTests.release.xcconfig"; sourceTree = "<group>"; };
		F908CD3A1C3E7553009CBCCB /* IBMCaptureSDK-Sample.app */ = {isa = PBXFileReference; explicitFileType = wrapper.application; includeInIndex = 0; path = "IBMCaptureSDK-Sample.app"; sourceTree = BUILT_PRODUCTS_DIR; };
/* End PBXFileReference section */

/* Begin PBXFrameworksBuildPhase section */
		2279A1521E03294E00E453E8 /* Frameworks */ = {
			isa = PBXFrameworksBuildPhase;
			buildActionMask = 2147483647;
			files = (
				223FCFBB1E032FAC00CF05E2 /* IBMCaptureSDK.framework in Frameworks */,
				223FCFBC1E032FAC00CF05E2 /* IBMCaptureUISDK.framework in Frameworks */,
				8BAB91045321118E042E58CD /* Pods_IBMCaptureSDK_SampleTests.framework in Frameworks */,
			);
			runOnlyForDeploymentPostprocessing = 0;
		};
		F908CD371C3E7553009CBCCB /* Frameworks */ = {
			isa = PBXFrameworksBuildPhase;
			buildActionMask = 2147483647;
			files = (
				22A7E5C61E04C8E50075EF37 /* BoxContentSDK.framework in Frameworks */,
				22A7E5CB1E04C8F90075EF37 /* IBMCaptureUISDK.framework in Frameworks */,
				22A7E5C91E04C8F90075EF37 /* IBMCaptureSDK.framework in Frameworks */,
				A9B26D5CD9799C9FC85E6B82 /* Pods_IBMCaptureSDK_Sample.framework in Frameworks */,
			);
			runOnlyForDeploymentPostprocessing = 0;
		};
/* End PBXFrameworksBuildPhase section */

/* Begin PBXGroup section */
		220EB0431E048D6100A7C4AD /* Services */ = {
			isa = PBXGroup;
			children = (
				2279A14F1E03293800E453E8 /* BoxService.swift */,
			);
			name = Services;
			sourceTree = "<group>";
		};
		2215FF2F1E0B4B9E00521973 /* ViewControllers */ = {
			isa = PBXGroup;
			children = (
				78766A8C1C5A49BB0026DD68 /* IBMEditPageImageViewController.swift */,
				2218AD9B1E09D660003B4E24 /* BoxLoginViewController.swift */,
				2215FF301E0B4C9500521973 /* BoxUploadViewController.swift */,
			);
			name = ViewControllers;
			sourceTree = "<group>";
		};
		2279A1561E03294F00E453E8 /* IBMCaptureSDK-SampleTests */ = {
			isa = PBXGroup;
			children = (
				2279A1571E03294F00E453E8 /* BoxServiceFileTest.swift */,
				2218AD9D1E09ECBB003B4E24 /* BoxLoginViewControllerTest.swift */,
				2215FF321E0B506800521973 /* BoxUploadViewControllerTest.swift */,
				22F08B6D1E0C884B0081A0A9 /* IBMEditPageImageViewControllerTest.swift */,
				22C65A631E2708CE000E116B /* MainViewControllerTest.swift */,
				22F946BD1E37E460006B5E06 /* BoxServiceUtilTest.swift */,
				2279A1591E03294F00E453E8 /* Info.plist */,
				2211F03A1E287C1C0055CB19 /* IBMRegControllerTest.swift */,
				22C63A2C1E2D958A00569F75 /* PodDataHelperTest.swift */,
				2218B5A01E3694A500C8E173 /* BoxServiceFolderTest.swift */,
				22F946B71E36A560006B5E06 /* CustomerRepositoryTest.swift */,
			);
			path = "IBMCaptureSDK-SampleTests";
			sourceTree = "<group>";
		};
		22F08B6C1E0C877B0081A0A9 /* Protocol */ = {
			isa = PBXGroup;
			children = (
				22F08B6A1E0C872B0081A0A9 /* UploadVCProtocol.swift */,
			);
			name = Protocol;
			sourceTree = "<group>";
		};
		22F08B6F1E1490980081A0A9 /* Util */ = {
			isa = PBXGroup;
			children = (
				22F08B721E1491200081A0A9 /* ImageUtil.swift */,
				2218B59E1E36907000C8E173 /* BoxServiceUtil.swift */,
			);
			name = Util;
			sourceTree = "<group>";
		};
		22F510F71E1EEE810024E7B2 /* Images */ = {
			isa = PBXGroup;
			children = (
				22F5113B1E1F30BA0024E7B2 /* AppIcon83.5x83.5@2x~ipad_.png */,
				22F510F81E1EEEFF0024E7B2 /* AppIcon20x20@2x.png */,
				22F510F91E1EEEFF0024E7B2 /* AppIcon20x20@2x~ipad.png */,
				22F510FA1E1EEEFF0024E7B2 /* AppIcon20x20~ipad.png */,
				22F510FB1E1EEEFF0024E7B2 /* AppIcon29x29.png */,
				22F510FC1E1EEEFF0024E7B2 /* AppIcon29x29@2x~ipad-1.png */,
				22F510FD1E1EEEFF0024E7B2 /* AppIcon29x29@2x~ipad.png */,
				22F510FE1E1EEEFF0024E7B2 /* AppIcon29x29~ipad.png */,
				22F510FF1E1EEEFF0024E7B2 /* AppIcon40x40~ipad.png */,
				22F511001E1EEEFF0024E7B2 /* AppIcon50x50.png */,
				22F511011E1EEEFF0024E7B2 /* AppIcon50x50@2x.png */,
				22F511021E1EEEFF0024E7B2 /* AppIcon57x57~2x.png */,
				22F511031E1EEEFF0024E7B2 /* AppIcon58x58.png */,
				22F511041E1EEEFF0024E7B2 /* AppIcon60x60.png */,
				22F511051E1EEEFF0024E7B2 /* AppIcon72x72.png */,
				22F511061E1EEEFF0024E7B2 /* AppIcon72x72@2x.png */,
				22F511071E1EEEFF0024E7B2 /* AppIcon76x76@2x~ipad.png */,
				22F511081E1EEEFF0024E7B2 /* AppIcon76x76~ipad.png */,
				22F511091E1EEEFF0024E7B2 /* AppIcon80x80.png */,
				22F5110A1E1EEEFF0024E7B2 /* AppIcon80x80~ipad.png */,
				22F5110B1E1EEEFF0024E7B2 /* AppIcon83.5x83.5@2x~ipad.png */,
				22F5110C1E1EEEFF0024E7B2 /* AppIcon87x87.png */,
				22F5110D1E1EEEFF0024E7B2 /* AppIcon120x120-1.png */,
				22F5110E1E1EEEFF0024E7B2 /* AppIcon120x120.png */,
				22F5110F1E1EEEFF0024E7B2 /* AppIcon180x180.png */,
				22F511281E1EEF130024E7B2 /* reva568h.png */,
				22F511291E1EEF130024E7B2 /* reva320480.png */,
				22F5112A1E1EEF130024E7B2 /* reva640960-1.png */,
				22F5112B1E1EEF130024E7B2 /* reva640960.png */,
				22F5112C1E1EEF130024E7B2 /* reva6401136-1.png */,
				22F5112D1E1EEF130024E7B2 /* reva6401136-3.png */,
				22F5112E1E1EEF130024E7B2 /* reva7501334.png */,
				22F5112F1E1EEF130024E7B2 /* reva12422208.png */,
				22F511301E1EEF130024E7B2 /* revaDefault.png */,
			);
			name = Images;
			sourceTree = "<group>";
		};
		22F946B41E36A439006B5E06 /* DataSource */ = {
			isa = PBXGroup;
			children = (
				22F946B51E36A44E006B5E06 /* CustomerRepository.swift */,
			);
			name = DataSource;
			sourceTree = "<group>";
		};
		22F946B91E36BE82006B5E06 /* Helper */ = {
			isa = PBXGroup;
			children = (
				22F946BA1E36BEB6006B5E06 /* IBMIDRegHelper.swift */,
			);
			name = Helper;
			sourceTree = "<group>";
		};
		78766A691C5A49BB0026DD68 /* IBMCaptureSDK-Sample */ = {
			isa = PBXGroup;
			children = (
				22F946B91E36BE82006B5E06 /* Helper */,
				22F946B41E36A439006B5E06 /* DataSource */,
				22F510F71E1EEE810024E7B2 /* Images */,
				22F08B6F1E1490980081A0A9 /* Util */,
				22F08B6C1E0C877B0081A0A9 /* Protocol */,
				2215FF2F1E0B4B9E00521973 /* ViewControllers */,
				220EB0431E048D6100A7C4AD /* Services */,
				78766AD31C5A4A840026DD68 /* Extensions */,
				78766AD21C5A4A740026DD68 /* Resources */,
				78766AD11C5A4A5C0026DD68 /* Supporting Files */,
				78766ACF1C5A4A4C0026DD68 /* tessdata */,
				78766AC21C5A4A190026DD68 /* Frameworks */,
				78766A6A1C5A49BB0026DD68 /* 3rd party */,
				78766A831C5A49BB0026DD68 /* IBMAppDelegate.swift */,
				22C65A611E270861000E116B /* MainViewController.swift */,
				78766A991C5A49BB0026DD68 /* UIImage+Extension.swift */,
				22500B6A1E295E4C00443D93 /* PodData.swift */,
				22C63A2E1E2D99A900569F75 /* PodDataHelper.swift */,
				78766A841C5A49BB0026DD68 /* IBMBarcodeTableViewController.swift */,
				78766A851C5A49BB0026DD68 /* IBMBarcodeViewController.swift */,
				78766A861C5A49BB0026DD68 /* IBMBatchTableViewController.swift */,
				78766A871C5A49BB0026DD68 /* IBMCameraViewController.swift */,
				22C63A1C1E2D5B2000569F75 /* PODPresenter.swift */,
				78766A891C5A49BB0026DD68 /* IBMCheckCountrySelectionController.swift */,
				78766A8A1C5A49BB0026DD68 /* IBMDemo.swift */,
				78766A8B1C5A49BB0026DD68 /* IBMDocumentTableViewController.swift */,
				78766A8D1C5A49BB0026DD68 /* IBMImageViewController.swift */,
				78766A8E1C5A49BB0026DD68 /* IBMLoginController.swift */,
				78766A8F1C5A49BB0026DD68 /* IBMMainTableViewController.swift */,
				78766A901C5A49BB0026DD68 /* IBMOCRViewController.swift */,
				78766A911C5A49BB0026DD68 /* IBMPageViewController.swift */,
				78766A921C5A49BB0026DD68 /* IBMSelectionTableViewController.swift */,
				78766A931C5A49BB0026DD68 /* IBMServiceConfigurationController.swift */,
				78766A941C5A49BB0026DD68 /* IBMTextFieldCell.swift */,
				78766A951C5A49BB0026DD68 /* IBMUIImageEffects.swift */,
				784BFEE21CB6A386001AB54A /* IBMIDRecognitionViewController.swift */,
				784BFEE41CB6A3A7001AB54A /* IBMMRZDecodingViewController.swift */,
				784BFEE61CB6B431001AB54A /* IBMPassportPresenter.swift */,
				22F510F51E1EEC640024E7B2 /* Images.xcassets */,
			);
			path = "IBMCaptureSDK-Sample";
			sourceTree = "<group>";
		};
		78766A6A1C5A49BB0026DD68 /* 3rd party */ = {
			isa = PBXGroup;
			children = (
				78766A6B1C5A49BB0026DD68 /* MBProgressHUD */,
			);
			path = "3rd party";
			sourceTree = "<group>";
		};
		78766A6B1C5A49BB0026DD68 /* MBProgressHUD */ = {
			isa = PBXGroup;
			children = (
				78766A6C1C5A49BB0026DD68 /* MBProgressHUD.h */,
				78766A6D1C5A49BB0026DD68 /* MBProgressHUD.m */,
			);
			path = MBProgressHUD;
			sourceTree = "<group>";
		};
		78766A6F1C5A49BB0026DD68 /* barcodes */ = {
			isa = PBXGroup;
			children = (
				78766A701C5A49BB0026DD68 /* barcode_aztec.jpg */,
				78766A711C5A49BB0026DD68 /* barcode_code_128.jpg */,
				78766A721C5A49BB0026DD68 /* barcode_code_39.jpg */,
				78766A731C5A49BB0026DD68 /* barcode_code_93.jpg */,
				78766A741C5A49BB0026DD68 /* barcode_data_matrix.jpg */,
				78766A751C5A49BB0026DD68 /* barcode_ean_128.jpg */,
				78766A761C5A49BB0026DD68 /* barcode_ean_13_sup.jpg */,
				78766A771C5A49BB0026DD68 /* barcode_ean_8.jpg */,
				78766A781C5A49BB0026DD68 /* barcode_ean_pdf_417.jpg */,
				78766A791C5A49BB0026DD68 /* barcode_itf.jpg */,
				78766A7A1C5A49BB0026DD68 /* barcode_qr_code.png */,
				78766A7B1C5A49BB0026DD68 /* barcode_upc_a.jpg */,
				78766A7C1C5A49BB0026DD68 /* barcode_upc_e.jpg */,
				78766A7D1C5A49BB0026DD68 /* carloan.png */,
				78766A7E1C5A49BB0026DD68 /* some_barcodes.jpg */,
			);
			path = barcodes;
			sourceTree = "<group>";
		};
		78766AC21C5A4A190026DD68 /* Frameworks */ = {
			isa = PBXGroup;
			children = (
				B76076201C68B03C00927117 /* IBMCaptureSDK.framework */,
				B76076211C68B03C00927117 /* IBMCaptureUISDK.framework */,
			);
			path = Frameworks;
			sourceTree = SOURCE_ROOT;
		};
		78766AD11C5A4A5C0026DD68 /* Supporting Files */ = {
			isa = PBXGroup;
			children = (
				78766A7F1C5A49BB0026DD68 /* IBMStoryboard.storyboard */,
				78766A811C5A49BB0026DD68 /* LaunchScreen.storyboard */,
				22C65A5E1E27035F000E116B /* PODDemo.storyboard */,
				78766A881C5A49BB0026DD68 /* IBMCaptureSDK-Sample-Bridging-Header.h */,
				78766A961C5A49BB0026DD68 /* Info.plist */,
			);
			name = "Supporting Files";
			sourceTree = "<group>";
		};
		78766AD21C5A4A740026DD68 /* Resources */ = {
			isa = PBXGroup;
			children = (
				78766A6E1C5A49BB0026DD68 /* Assets.xcassets */,
				225EBD161E2FF1E600B1B82F /* podSample.png */,
				225EBD171E2FF1E600B1B82F /* podSample2.png */,
				22C63A281E2D94C600569F75 /* pod.png */,
				22C63A201E2D920D00569F75 /* pod2.jpg */,
				22C63A211E2D920D00569F75 /* pod3.jpg */,
				22C63A221E2D920D00569F75 /* pod4.jpg */,
				22C63A231E2D920D00569F75 /* pod5.jpg */,
				78766A6F1C5A49BB0026DD68 /* barcodes */,
			);
			name = Resources;
			sourceTree = "<group>";
		};
		78766AD31C5A4A840026DD68 /* Extensions */ = {
			isa = PBXGroup;
			children = (
			);
			name = Extensions;
			sourceTree = "<group>";
		};
		8D4335DC7068194F798415A9 /* Frameworks */ = {
			isa = PBXGroup;
			children = (
				223CF3571E04C832004F2B48 /* BoxContentSDK.framework */,
				6FDEAAEEA6837F9A8875CB55 /* Pods_IBMCaptureSDK_Sample.framework */,
				5C3B3B1F911FE57122C9890F /* Pods_IBMCaptureSDK_SampleTests.framework */,
			);
			name = Frameworks;
			sourceTree = "<group>";
		};
		F908CD311C3E7553009CBCCB = {
			isa = PBXGroup;
			children = (
				224D759C1E28453A004AB51C /* Frameworks */,
				22A7E5CE1E04C90D0075EF37 /* box-ios-sdk */,
				2279A1561E03294F00E453E8 /* IBMCaptureSDK-SampleTests */,
				78766A691C5A49BB0026DD68 /* IBMCaptureSDK-Sample */,
				F908CD3B1C3E7553009CBCCB /* Products */,
				FDAEDC497529D82B2245F387 /* Pods */,
				8D4335DC7068194F798415A9 /* Frameworks */,
			);
			sourceTree = "<group>";
		};
		F908CD3B1C3E7553009CBCCB /* Products */ = {
			isa = PBXGroup;
			children = (
				F908CD3A1C3E7553009CBCCB /* IBMCaptureSDK-Sample.app */,
				2279A1551E03294E00E453E8 /* IBMCaptureSDK-SampleTests.xctest */,
			);
			name = Products;
			sourceTree = "<group>";
		};
		FDAEDC497529D82B2245F387 /* Pods */ = {
			isa = PBXGroup;
			children = (
				CC2F386BC36C97601EA55BBB /* Pods-IBMCaptureSDK-Sample.debug.xcconfig */,
				58AEB377E78E5D0DF8099895 /* Pods-IBMCaptureSDK-Sample.release.xcconfig */,
				4CDC7BDE804CFA84B4EEEC72 /* Pods-IBMCaptureSDK-SampleTests.debug.xcconfig */,
				E83B8B7CC1DA1CBFDB901435 /* Pods-IBMCaptureSDK-SampleTests.release.xcconfig */,
			);
			name = Pods;
			sourceTree = "<group>";
		};
/* End PBXGroup section */

/* Begin PBXNativeTarget section */
		2279A1541E03294E00E453E8 /* IBMCaptureSDK-SampleTests */ = {
			isa = PBXNativeTarget;
			buildConfigurationList = 2279A15C1E03294F00E453E8 /* Build configuration list for PBXNativeTarget "IBMCaptureSDK-SampleTests" */;
			buildPhases = (
				A6F8C4714A81619597124D2A /* [CP] Check Pods Manifest.lock */,
				2279A1511E03294E00E453E8 /* Sources */,
				2279A1521E03294E00E453E8 /* Frameworks */,
				2279A1531E03294E00E453E8 /* Resources */,
				DD9D3F8DB915780382E8F245 /* [CP] Embed Pods Frameworks */,
				97455CD737228D0AB63E9C46 /* [CP] Copy Pods Resources */,
			);
			buildRules = (
			);
			dependencies = (
				2279A15B1E03294F00E453E8 /* PBXTargetDependency */,
			);
			name = "IBMCaptureSDK-SampleTests";
			productName = "IBMCaptureSDK-SampleTests";
			productReference = 2279A1551E03294E00E453E8 /* IBMCaptureSDK-SampleTests.xctest */;
			productType = "com.apple.product-type.bundle.unit-test";
		};
		F908CD391C3E7553009CBCCB /* IBMCaptureSDK-Sample */ = {
			isa = PBXNativeTarget;
			buildConfigurationList = F908CD571C3E7553009CBCCB /* Build configuration list for PBXNativeTarget "IBMCaptureSDK-Sample" */;
			buildPhases = (
				3045541852F3393F204B6A65 /* [CP] Check Pods Manifest.lock */,
				B76076471C68FFDA00927117 /* Check presence of frameworks */,
				F908CD361C3E7553009CBCCB /* Sources */,
				F908CD371C3E7553009CBCCB /* Frameworks */,
				F908CD381C3E7553009CBCCB /* Resources */,
				B76076241C68B04500927117 /* Strip Frameworks */,
				EBDBA301327083EB4C1399FE /* [CP] Embed Pods Frameworks */,
				F071FD056C81A1057C1FEBE9 /* [CP] Copy Pods Resources */,
				22A7E5CD1E04C8F90075EF37 /* Embed Frameworks */,
				22F5113A1E1F15810024E7B2 /* ShellScript */,
			);
			buildRules = (
			);
			dependencies = (
			);
			name = "IBMCaptureSDK-Sample";
			productName = "IBMCaptureSDK-Sample-Swift";
			productReference = F908CD3A1C3E7553009CBCCB /* IBMCaptureSDK-Sample.app */;
			productType = "com.apple.product-type.application";
		};
/* End PBXNativeTarget section */

/* Begin PBXProject section */
		F908CD321C3E7553009CBCCB /* Project object */ = {
			isa = PBXProject;
			attributes = {
				LastSwiftUpdateCheck = 0810;
				LastUpgradeCheck = 0810;
				ORGANIZATIONNAME = "Future Workshops";
				TargetAttributes = {
					2279A1541E03294E00E453E8 = {
						CreatedOnToolsVersion = 8.1;
						DevelopmentTeam = 9GB27LE5A2;
						ProvisioningStyle = Automatic;
						TestTargetID = F908CD391C3E7553009CBCCB;
					};
					F908CD391C3E7553009CBCCB = {
						CreatedOnToolsVersion = 7.2;
						DevelopmentTeam = 9GB27LE5A2;
						ProvisioningStyle = Manual;
					};
				};
			};
			buildConfigurationList = F908CD351C3E7553009CBCCB /* Build configuration list for PBXProject "IBMCaptureSDK-Sample" */;
			compatibilityVersion = "Xcode 3.2";
			developmentRegion = English;
			hasScannedForEncodings = 0;
			knownRegions = (
				en,
				Base,
			);
			mainGroup = F908CD311C3E7553009CBCCB;
			productRefGroup = F908CD3B1C3E7553009CBCCB /* Products */;
			projectDirPath = "";
			projectRoot = "";
			targets = (
				F908CD391C3E7553009CBCCB /* IBMCaptureSDK-Sample */,
				2279A1541E03294E00E453E8 /* IBMCaptureSDK-SampleTests */,
			);
		};
/* End PBXProject section */

/* Begin PBXResourcesBuildPhase section */
		2279A1531E03294E00E453E8 /* Resources */ = {
			isa = PBXResourcesBuildPhase;
			buildActionMask = 2147483647;
			files = (
				223FCFB91E032EE800CF05E2 /* IBMCaptureSDK.framework in Resources */,
				2215FF2E1E0B1DE900521973 /* Assets.xcassets in Resources */,
				223FCFBA1E032EE800CF05E2 /* IBMCaptureUISDK.framework in Resources */,
			);
			runOnlyForDeploymentPostprocessing = 0;
		};
		F908CD381C3E7553009CBCCB /* Resources */ = {
			isa = PBXResourcesBuildPhase;
			buildActionMask = 2147483647;
			files = (
				78766AA11C5A49BB0026DD68 /* barcode_ean_128.jpg in Resources */,
				22F511131E1EEEFF0024E7B2 /* AppIcon29x29.png in Resources */,
				22F511371E1EEF130024E7B2 /* reva7501334.png in Resources */,
				78766A9F1C5A49BB0026DD68 /* barcode_code_93.jpg in Resources */,
				22F511161E1EEEFF0024E7B2 /* AppIcon29x29~ipad.png in Resources */,
				22F511341E1EEF130024E7B2 /* reva640960.png in Resources */,
				22F5111C1E1EEEFF0024E7B2 /* AppIcon60x60.png in Resources */,
				22C63A241E2D920D00569F75 /* pod2.jpg in Resources */,
				22F511221E1EEEFF0024E7B2 /* AppIcon80x80~ipad.png in Resources */,
				22F511181E1EEEFF0024E7B2 /* AppIcon50x50.png in Resources */,
				22F511331E1EEF130024E7B2 /* reva640960-1.png in Resources */,
				22F511361E1EEF130024E7B2 /* reva6401136-3.png in Resources */,
				224D759D1E28453A004AB51C /* Frameworks in Resources */,
				78766AD01C5A4A4C0026DD68 /* tessdata in Resources */,
				22F511101E1EEEFF0024E7B2 /* AppIcon20x20@2x.png in Resources */,
				22F5111A1E1EEEFF0024E7B2 /* AppIcon57x57~2x.png in Resources */,
				22F5113C1E1F30BA0024E7B2 /* AppIcon83.5x83.5@2x~ipad_.png in Resources */,
				78766AA71C5A49BB0026DD68 /* barcode_upc_a.jpg in Resources */,
				78766AA21C5A49BB0026DD68 /* barcode_ean_13_sup.jpg in Resources */,
				78766AA51C5A49BB0026DD68 /* barcode_itf.jpg in Resources */,
				22F511311E1EEF130024E7B2 /* reva568h.png in Resources */,
				78766AA91C5A49BB0026DD68 /* carloan.png in Resources */,
				78766AAA1C5A49BB0026DD68 /* some_barcodes.jpg in Resources */,
				22F5111F1E1EEEFF0024E7B2 /* AppIcon76x76@2x~ipad.png in Resources */,
				22F511171E1EEEFF0024E7B2 /* AppIcon40x40~ipad.png in Resources */,
				22F511121E1EEEFF0024E7B2 /* AppIcon20x20~ipad.png in Resources */,
				22F511191E1EEEFF0024E7B2 /* AppIcon50x50@2x.png in Resources */,
				22F510F61E1EEC640024E7B2 /* Images.xcassets in Resources */,
				22F5111B1E1EEEFF0024E7B2 /* AppIcon58x58.png in Resources */,
				22F5111D1E1EEEFF0024E7B2 /* AppIcon72x72.png in Resources */,
				22F511201E1EEEFF0024E7B2 /* AppIcon76x76~ipad.png in Resources */,
				22C63A271E2D920D00569F75 /* pod5.jpg in Resources */,
				22F511151E1EEEFF0024E7B2 /* AppIcon29x29@2x~ipad.png in Resources */,
				22F511111E1EEEFF0024E7B2 /* AppIcon20x20@2x~ipad.png in Resources */,
				78766AA01C5A49BB0026DD68 /* barcode_data_matrix.jpg in Resources */,
				22C65A601E27035F000E116B /* PODDemo.storyboard in Resources */,
				78766A9D1C5A49BB0026DD68 /* barcode_code_128.jpg in Resources */,
				78766AAC1C5A49BB0026DD68 /* LaunchScreen.storyboard in Resources */,
				22C63A291E2D94C600569F75 /* pod.png in Resources */,
				22F511251E1EEEFF0024E7B2 /* AppIcon120x120-1.png in Resources */,
				78766AAB1C5A49BB0026DD68 /* IBMStoryboard.storyboard in Resources */,
				22C63A251E2D920D00569F75 /* pod3.jpg in Resources */,
				225EBD191E2FF1E600B1B82F /* podSample2.png in Resources */,
				78766A9C1C5A49BB0026DD68 /* barcode_aztec.jpg in Resources */,
				78766AA31C5A49BB0026DD68 /* barcode_ean_8.jpg in Resources */,
				78766A9B1C5A49BB0026DD68 /* Assets.xcassets in Resources */,
				22F511241E1EEEFF0024E7B2 /* AppIcon87x87.png in Resources */,
				22F511321E1EEF130024E7B2 /* reva320480.png in Resources */,
				78766A9E1C5A49BB0026DD68 /* barcode_code_39.jpg in Resources */,
				78766AA61C5A49BB0026DD68 /* barcode_qr_code.png in Resources */,
				22F511391E1EEF130024E7B2 /* revaDefault.png in Resources */,
				22F511261E1EEEFF0024E7B2 /* AppIcon120x120.png in Resources */,
				22C63A261E2D920D00569F75 /* pod4.jpg in Resources */,
				22F511381E1EEF130024E7B2 /* reva12422208.png in Resources */,
				22F511231E1EEEFF0024E7B2 /* AppIcon83.5x83.5@2x~ipad.png in Resources */,
				22F511351E1EEF130024E7B2 /* reva6401136-1.png in Resources */,
				22F5111E1E1EEEFF0024E7B2 /* AppIcon72x72@2x.png in Resources */,
				22F511211E1EEEFF0024E7B2 /* AppIcon80x80.png in Resources */,
				225EBD181E2FF1E600B1B82F /* podSample.png in Resources */,
				22F511271E1EEEFF0024E7B2 /* AppIcon180x180.png in Resources */,
				22F511141E1EEEFF0024E7B2 /* AppIcon29x29@2x~ipad-1.png in Resources */,
				78766AA41C5A49BB0026DD68 /* barcode_ean_pdf_417.jpg in Resources */,
				78766AA81C5A49BB0026DD68 /* barcode_upc_e.jpg in Resources */,
			);
			runOnlyForDeploymentPostprocessing = 0;
		};
/* End PBXResourcesBuildPhase section */

/* Begin PBXShellScriptBuildPhase section */
		22F5113A1E1F15810024E7B2 /* ShellScript */ = {
			isa = PBXShellScriptBuildPhase;
			buildActionMask = 2147483647;
			files = (
			);
			inputPaths = (
			);
			outputPaths = (
			);
			runOnlyForDeploymentPostprocessing = 0;
			shellPath = /bin/sh;
			shellScript = "APP_PATH=\"${TARGET_BUILD_DIR}/${WRAPPER_NAME}\"\n\n# This script loops through the frameworks embedded in the application and\n# removes unused architectures.\nfind \"$APP_PATH\" -name '*.framework' -type d | while read -r FRAMEWORK\ndo\nFRAMEWORK_EXECUTABLE_NAME=$(defaults read \"$FRAMEWORK/Info.plist\" CFBundleExecutable)\nFRAMEWORK_EXECUTABLE_PATH=\"$FRAMEWORK/$FRAMEWORK_EXECUTABLE_NAME\"\necho \"Executable is $FRAMEWORK_EXECUTABLE_PATH\"\n\nEXTRACTED_ARCHS=()\n\nfor ARCH in $ARCHS\ndo\necho \"Extracting $ARCH from $FRAMEWORK_EXECUTABLE_NAME\"\nlipo -extract \"$ARCH\" \"$FRAMEWORK_EXECUTABLE_PATH\" -o \"$FRAMEWORK_EXECUTABLE_PATH-$ARCH\"\nEXTRACTED_ARCHS+=(\"$FRAMEWORK_EXECUTABLE_PATH-$ARCH\")\ndone\n\necho \"Merging extracted architectures: ${ARCHS}\"\nlipo -o \"$FRAMEWORK_EXECUTABLE_PATH-merged\" -create \"${EXTRACTED_ARCHS[@]}\"\nrm \"${EXTRACTED_ARCHS[@]}\"\n\necho \"Replacing original executable with thinned version\"\nrm \"$FRAMEWORK_EXECUTABLE_PATH\"\nmv \"$FRAMEWORK_EXECUTABLE_PATH-merged\" \"$FRAMEWORK_EXECUTABLE_PATH\"\n\ndone";
		};
		3045541852F3393F204B6A65 /* [CP] Check Pods Manifest.lock */ = {
			isa = PBXShellScriptBuildPhase;
			buildActionMask = 2147483647;
			files = (
			);
			inputPaths = (
			);
			name = "[CP] Check Pods Manifest.lock";
			outputPaths = (
			);
			runOnlyForDeploymentPostprocessing = 0;
			shellPath = /bin/sh;
			shellScript = "diff \"${PODS_ROOT}/../Podfile.lock\" \"${PODS_ROOT}/Manifest.lock\" > /dev/null\nif [ $? != 0 ] ; then\n    # print error to STDERR\n    echo \"error: The sandbox is not in sync with the Podfile.lock. Run 'pod install' or update your CocoaPods installation.\" >&2\n    exit 1\nfi\n";
			showEnvVarsInLog = 0;
		};
		97455CD737228D0AB63E9C46 /* [CP] Copy Pods Resources */ = {
			isa = PBXShellScriptBuildPhase;
			buildActionMask = 2147483647;
			files = (
			);
			inputPaths = (
			);
			name = "[CP] Copy Pods Resources";
			outputPaths = (
			);
			runOnlyForDeploymentPostprocessing = 0;
			shellPath = /bin/sh;
			shellScript = "\"${SRCROOT}/Pods/Target Support Files/Pods-IBMCaptureSDK-SampleTests/Pods-IBMCaptureSDK-SampleTests-resources.sh\"\n";
			showEnvVarsInLog = 0;
		};
		A6F8C4714A81619597124D2A /* [CP] Check Pods Manifest.lock */ = {
			isa = PBXShellScriptBuildPhase;
			buildActionMask = 2147483647;
			files = (
			);
			inputPaths = (
			);
			name = "[CP] Check Pods Manifest.lock";
			outputPaths = (
			);
			runOnlyForDeploymentPostprocessing = 0;
			shellPath = /bin/sh;
			shellScript = "diff \"${PODS_ROOT}/../Podfile.lock\" \"${PODS_ROOT}/Manifest.lock\" > /dev/null\nif [ $? != 0 ] ; then\n    # print error to STDERR\n    echo \"error: The sandbox is not in sync with the Podfile.lock. Run 'pod install' or update your CocoaPods installation.\" >&2\n    exit 1\nfi\n";
			showEnvVarsInLog = 0;
		};
		B76076241C68B04500927117 /* Strip Frameworks */ = {
			isa = PBXShellScriptBuildPhase;
			buildActionMask = 2147483647;
			files = (
			);
			inputPaths = (
			);
			name = "Strip Frameworks";
			outputPaths = (
			);
			runOnlyForDeploymentPostprocessing = 0;
			shellPath = /bin/sh;
			shellScript = "\"${SRCROOT}/Frameworks/IBMCaptureSDK.framework/strip_framework.sh\"\n\"${SRCROOT}/Frameworks/IBMCaptureUISDK.framework/strip_framework.sh\" ";
		};
		B76076471C68FFDA00927117 /* Check presence of frameworks */ = {
			isa = PBXShellScriptBuildPhase;
			buildActionMask = 8;
			files = (
			);
			inputPaths = (
			);
			name = "Check presence of frameworks";
			outputPaths = (
			);
			runOnlyForDeploymentPostprocessing = 1;
			shellPath = /bin/sh;
			shellScript = "([ -d \"${SRCROOT}/Frameworks/IBMCaptureSDK.framework\" ] && \\\n [ -d \"${SRCROOT}/Frameworks/IBMCaptureUISDK.framework\" ]) \\\n || exit -1";
			showEnvVarsInLog = 0;
		};
		DD9D3F8DB915780382E8F245 /* [CP] Embed Pods Frameworks */ = {
			isa = PBXShellScriptBuildPhase;
			buildActionMask = 2147483647;
			files = (
			);
			inputPaths = (
			);
			name = "[CP] Embed Pods Frameworks";
			outputPaths = (
			);
			runOnlyForDeploymentPostprocessing = 0;
			shellPath = /bin/sh;
			shellScript = "\"${SRCROOT}/Pods/Target Support Files/Pods-IBMCaptureSDK-SampleTests/Pods-IBMCaptureSDK-SampleTests-frameworks.sh\"\n";
			showEnvVarsInLog = 0;
		};
		EBDBA301327083EB4C1399FE /* [CP] Embed Pods Frameworks */ = {
			isa = PBXShellScriptBuildPhase;
			buildActionMask = 2147483647;
			files = (
			);
			inputPaths = (
			);
			name = "[CP] Embed Pods Frameworks";
			outputPaths = (
			);
			runOnlyForDeploymentPostprocessing = 0;
			shellPath = /bin/sh;
			shellScript = "\"${SRCROOT}/Pods/Target Support Files/Pods-IBMCaptureSDK-Sample/Pods-IBMCaptureSDK-Sample-frameworks.sh\"\n";
			showEnvVarsInLog = 0;
		};
		F071FD056C81A1057C1FEBE9 /* [CP] Copy Pods Resources */ = {
			isa = PBXShellScriptBuildPhase;
			buildActionMask = 2147483647;
			files = (
			);
			inputPaths = (
			);
			name = "[CP] Copy Pods Resources";
			outputPaths = (
			);
			runOnlyForDeploymentPostprocessing = 0;
			shellPath = /bin/sh;
			shellScript = "\"${SRCROOT}/Pods/Target Support Files/Pods-IBMCaptureSDK-Sample/Pods-IBMCaptureSDK-Sample-resources.sh\"\n";
			showEnvVarsInLog = 0;
		};
/* End PBXShellScriptBuildPhase section */

/* Begin PBXSourcesBuildPhase section */
		2279A1511E03294E00E453E8 /* Sources */ = {
			isa = PBXSourcesBuildPhase;
			buildActionMask = 2147483647;
			files = (
				2215FF331E0B506800521973 /* BoxUploadViewControllerTest.swift in Sources */,
				2218AD9E1E09ECBB003B4E24 /* BoxLoginViewControllerTest.swift in Sources */,
				2279A1581E03294F00E453E8 /* BoxServiceFileTest.swift in Sources */,
				2218B5A11E3694A500C8E173 /* BoxServiceFolderTest.swift in Sources */,
				2211F03B1E287C1C0055CB19 /* IBMRegControllerTest.swift in Sources */,
				22F946BE1E37E460006B5E06 /* BoxServiceUtilTest.swift in Sources */,
				22C65A641E2708CE000E116B /* MainViewControllerTest.swift in Sources */,
				22F08B6E1E0C884B0081A0A9 /* IBMEditPageImageViewControllerTest.swift in Sources */,
				22F946B81E36A560006B5E06 /* CustomerRepositoryTest.swift in Sources */,
				22C63A2D1E2D958A00569F75 /* PodDataHelperTest.swift in Sources */,
			);
			runOnlyForDeploymentPostprocessing = 0;
		};
		F908CD361C3E7553009CBCCB /* Sources */ = {
			isa = PBXSourcesBuildPhase;
			buildActionMask = 2147483647;
			files = (
				78766ABD1C5A49BB0026DD68 /* IBMTextFieldCell.swift in Sources */,
				22F08B6B1E0C872B0081A0A9 /* UploadVCProtocol.swift in Sources */,
				78766AB21C5A49BB0026DD68 /* IBMCheckCountrySelectionController.swift in Sources */,
				78766AB41C5A49BB0026DD68 /* IBMDocumentTableViewController.swift in Sources */,
				78766AB61C5A49BB0026DD68 /* IBMImageViewController.swift in Sources */,
				78766AB11C5A49BB0026DD68 /* IBMCameraViewController.swift in Sources */,
				78766AAF1C5A49BB0026DD68 /* IBMBarcodeViewController.swift in Sources */,
				78766ABC1C5A49BB0026DD68 /* IBMServiceConfigurationController.swift in Sources */,
				2215FF311E0B4C9500521973 /* BoxUploadViewController.swift in Sources */,
				2218AD9C1E09D660003B4E24 /* BoxLoginViewController.swift in Sources */,
				22F946BB1E36BEB6006B5E06 /* IBMIDRegHelper.swift in Sources */,
				78766AC11C5A49BB0026DD68 /* UIImage+Extension.swift in Sources */,
				78766ABB1C5A49BB0026DD68 /* IBMSelectionTableViewController.swift in Sources */,
				784BFEE71CB6B431001AB54A /* IBMPassportPresenter.swift in Sources */,
				22C65A621E270861000E116B /* MainViewController.swift in Sources */,
				78766AB51C5A49BB0026DD68 /* IBMEditPageImageViewController.swift in Sources */,
				784BFEE51CB6A3A7001AB54A /* IBMMRZDecodingViewController.swift in Sources */,
				22F08B731E1491200081A0A9 /* ImageUtil.swift in Sources */,
				78766AB91C5A49BB0026DD68 /* IBMOCRViewController.swift in Sources */,
				22C63A1D1E2D5B2000569F75 /* PODPresenter.swift in Sources */,
				22F946B61E36A44E006B5E06 /* CustomerRepository.swift in Sources */,
				2279A1501E03293800E453E8 /* BoxService.swift in Sources */,
				78766AAE1C5A49BB0026DD68 /* IBMBarcodeTableViewController.swift in Sources */,
				784BFEE31CB6A386001AB54A /* IBMIDRecognitionViewController.swift in Sources */,
				2218B59F1E36907000C8E173 /* BoxServiceUtil.swift in Sources */,
				78766AB01C5A49BB0026DD68 /* IBMBatchTableViewController.swift in Sources */,
				78766AB71C5A49BB0026DD68 /* IBMLoginController.swift in Sources */,
				78766ABA1C5A49BB0026DD68 /* IBMPageViewController.swift in Sources */,
				78766AB31C5A49BB0026DD68 /* IBMDemo.swift in Sources */,
				78766AB81C5A49BB0026DD68 /* IBMMainTableViewController.swift in Sources */,
				78766ABE1C5A49BB0026DD68 /* IBMUIImageEffects.swift in Sources */,
				22500B6B1E295E4C00443D93 /* PodData.swift in Sources */,
				78766A9A1C5A49BB0026DD68 /* MBProgressHUD.m in Sources */,
				22C63A2F1E2D99A900569F75 /* PodDataHelper.swift in Sources */,
				78766AAD1C5A49BB0026DD68 /* IBMAppDelegate.swift in Sources */,
			);
			runOnlyForDeploymentPostprocessing = 0;
		};
/* End PBXSourcesBuildPhase section */

/* Begin PBXTargetDependency section */
		2279A15B1E03294F00E453E8 /* PBXTargetDependency */ = {
			isa = PBXTargetDependency;
			target = F908CD391C3E7553009CBCCB /* IBMCaptureSDK-Sample */;
			targetProxy = 2279A15A1E03294F00E453E8 /* PBXContainerItemProxy */;
		};
/* End PBXTargetDependency section */

/* Begin PBXVariantGroup section */
		22C65A5E1E27035F000E116B /* PODDemo.storyboard */ = {
			isa = PBXVariantGroup;
			children = (
				22C65A5F1E27035F000E116B /* Base */,
			);
			name = PODDemo.storyboard;
			sourceTree = "<group>";
		};
		78766A7F1C5A49BB0026DD68 /* IBMStoryboard.storyboard */ = {
			isa = PBXVariantGroup;
			children = (
				78766A801C5A49BB0026DD68 /* Base */,
			);
			name = IBMStoryboard.storyboard;
			sourceTree = "<group>";
		};
		78766A811C5A49BB0026DD68 /* LaunchScreen.storyboard */ = {
			isa = PBXVariantGroup;
			children = (
				78766A821C5A49BB0026DD68 /* Base */,
			);
			name = LaunchScreen.storyboard;
			sourceTree = "<group>";
		};
/* End PBXVariantGroup section */

/* Begin XCBuildConfiguration section */
		2279A15D1E03294F00E453E8 /* Debug */ = {
			isa = XCBuildConfiguration;
			baseConfigurationReference = 4CDC7BDE804CFA84B4EEEC72 /* Pods-IBMCaptureSDK-SampleTests.debug.xcconfig */;
			buildSettings = {
				BUNDLE_LOADER = "$(TEST_HOST)";
				CLANG_ANALYZER_NONNULL = YES;
				CLANG_WARN_DOCUMENTATION_COMMENTS = YES;
				CLANG_WARN_SUSPICIOUS_MOVES = YES;
				"CODE_SIGN_IDENTITY[sdk=iphoneos*]" = "iPhone Developer";
				DEVELOPMENT_TEAM = 9GB27LE5A2;
				FRAMEWORK_SEARCH_PATHS = (
					"$(inherited)",
					"$(PROJECT_DIR)/Frameworks",
				);
				INFOPLIST_FILE = "IBMCaptureSDK-SampleTests/Info.plist";
				IPHONEOS_DEPLOYMENT_TARGET = 10.1;
				LD_RUNPATH_SEARCH_PATHS = "$(inherited) @executable_path/Frameworks @loader_path/Frameworks";
				PRODUCT_BUNDLE_IDENTIFIER = "org.gml.io.IBMCaptureSDK-SampleTests";
				PRODUCT_NAME = "$(TARGET_NAME)";
				SWIFT_ACTIVE_COMPILATION_CONDITIONS = DEBUG;
				SWIFT_VERSION = 2.3;
				TEST_HOST = "$(BUILT_PRODUCTS_DIR)/IBMCaptureSDK-Sample.app/IBMCaptureSDK-Sample";
			};
			name = Debug;
		};
		2279A15E1E03294F00E453E8 /* Release */ = {
			isa = XCBuildConfiguration;
			baseConfigurationReference = E83B8B7CC1DA1CBFDB901435 /* Pods-IBMCaptureSDK-SampleTests.release.xcconfig */;
			buildSettings = {
				BUNDLE_LOADER = "$(TEST_HOST)";
				CLANG_ANALYZER_NONNULL = YES;
				CLANG_WARN_DOCUMENTATION_COMMENTS = YES;
				CLANG_WARN_SUSPICIOUS_MOVES = YES;
				"CODE_SIGN_IDENTITY[sdk=iphoneos*]" = "iPhone Developer";
				DEVELOPMENT_TEAM = 9GB27LE5A2;
				FRAMEWORK_SEARCH_PATHS = (
					"$(inherited)",
					"$(PROJECT_DIR)/Frameworks",
				);
				INFOPLIST_FILE = "IBMCaptureSDK-SampleTests/Info.plist";
				IPHONEOS_DEPLOYMENT_TARGET = 10.1;
				LD_RUNPATH_SEARCH_PATHS = "$(inherited) @executable_path/Frameworks @loader_path/Frameworks";
				PRODUCT_BUNDLE_IDENTIFIER = "org.gml.io.IBMCaptureSDK-SampleTests";
				PRODUCT_NAME = "$(TARGET_NAME)";
				SWIFT_VERSION = 2.3;
				TEST_HOST = "$(BUILT_PRODUCTS_DIR)/IBMCaptureSDK-Sample.app/IBMCaptureSDK-Sample";
			};
			name = Release;
		};
		F908CD551C3E7553009CBCCB /* Debug */ = {
			isa = XCBuildConfiguration;
			buildSettings = {
				ALWAYS_SEARCH_USER_PATHS = NO;
				CLANG_CXX_LANGUAGE_STANDARD = "gnu++0x";
				CLANG_CXX_LIBRARY = "libc++";
				CLANG_ENABLE_MODULES = YES;
				CLANG_ENABLE_OBJC_ARC = YES;
				CLANG_WARN_BOOL_CONVERSION = YES;
				CLANG_WARN_CONSTANT_CONVERSION = YES;
				CLANG_WARN_DIRECT_OBJC_ISA_USAGE = YES_ERROR;
				CLANG_WARN_EMPTY_BODY = YES;
				CLANG_WARN_ENUM_CONVERSION = YES;
				CLANG_WARN_INFINITE_RECURSION = YES;
				CLANG_WARN_INT_CONVERSION = YES;
				CLANG_WARN_OBJC_ROOT_CLASS = YES_ERROR;
				CLANG_WARN_SUSPICIOUS_MOVE = YES;
				CLANG_WARN_UNREACHABLE_CODE = YES;
				CLANG_WARN__DUPLICATE_METHOD_MATCH = YES;
				CODE_SIGN_IDENTITY = "iPhone Distribution";
				"CODE_SIGN_IDENTITY[sdk=*]" = "iPhone Distribution";
				COPY_PHASE_STRIP = NO;
				DEBUG_INFORMATION_FORMAT = dwarf;
				DEVELOPMENT_TEAM = 9GB27LE5A2;
				ENABLE_BITCODE = NO;
				ENABLE_STRICT_OBJC_MSGSEND = YES;
				ENABLE_TESTABILITY = YES;
				GCC_C_LANGUAGE_STANDARD = gnu99;
				GCC_DYNAMIC_NO_PIC = NO;
				GCC_NO_COMMON_BLOCKS = YES;
				GCC_OPTIMIZATION_LEVEL = 0;
				GCC_PREPROCESSOR_DEFINITIONS = (
					"DEBUG=1",
					"$(inherited)",
				);
				GCC_WARN_64_TO_32_BIT_CONVERSION = YES;
				GCC_WARN_ABOUT_RETURN_TYPE = YES_ERROR;
				GCC_WARN_UNDECLARED_SELECTOR = YES;
				GCC_WARN_UNINITIALIZED_AUTOS = YES_AGGRESSIVE;
				GCC_WARN_UNUSED_FUNCTION = YES;
				GCC_WARN_UNUSED_VARIABLE = YES;
				IPHONEOS_DEPLOYMENT_TARGET = 10.0;
				MTL_ENABLE_DEBUG_INFO = YES;
				ONLY_ACTIVE_ARCH = NO;
				SDKROOT = iphoneos;
				SWIFT_OPTIMIZATION_LEVEL = "-Onone";
				TARGETED_DEVICE_FAMILY = "1,2";
			};
			name = Debug;
		};
		F908CD561C3E7553009CBCCB /* Release */ = {
			isa = XCBuildConfiguration;
			buildSettings = {
				ALWAYS_SEARCH_USER_PATHS = NO;
				CLANG_CXX_LANGUAGE_STANDARD = "gnu++0x";
				CLANG_CXX_LIBRARY = "libc++";
				CLANG_ENABLE_MODULES = YES;
				CLANG_ENABLE_OBJC_ARC = YES;
				CLANG_WARN_BOOL_CONVERSION = YES;
				CLANG_WARN_CONSTANT_CONVERSION = YES;
				CLANG_WARN_DIRECT_OBJC_ISA_USAGE = YES_ERROR;
				CLANG_WARN_EMPTY_BODY = YES;
				CLANG_WARN_ENUM_CONVERSION = YES;
				CLANG_WARN_INFINITE_RECURSION = YES;
				CLANG_WARN_INT_CONVERSION = YES;
				CLANG_WARN_OBJC_ROOT_CLASS = YES_ERROR;
				CLANG_WARN_SUSPICIOUS_MOVE = YES;
				CLANG_WARN_UNREACHABLE_CODE = YES;
				CLANG_WARN__DUPLICATE_METHOD_MATCH = YES;
				CODE_SIGN_IDENTITY = "iPhone Distribution";
				"CODE_SIGN_IDENTITY[sdk=iphoneos*]" = "iPhone Distribution";
				COPY_PHASE_STRIP = NO;
				DEBUG_INFORMATION_FORMAT = "dwarf-with-dsym";
				DEVELOPMENT_TEAM = 9GB27LE5A2;
				ENABLE_BITCODE = NO;
				ENABLE_NS_ASSERTIONS = NO;
				ENABLE_STRICT_OBJC_MSGSEND = YES;
				ENABLE_TESTABILITY = YES;
				GCC_C_LANGUAGE_STANDARD = gnu99;
				GCC_NO_COMMON_BLOCKS = YES;
				GCC_WARN_64_TO_32_BIT_CONVERSION = YES;
				GCC_WARN_ABOUT_RETURN_TYPE = YES_ERROR;
				GCC_WARN_UNDECLARED_SELECTOR = YES;
				GCC_WARN_UNINITIALIZED_AUTOS = YES_AGGRESSIVE;
				GCC_WARN_UNUSED_FUNCTION = YES;
				GCC_WARN_UNUSED_VARIABLE = YES;
				IPHONEOS_DEPLOYMENT_TARGET = 10.0;
				MTL_ENABLE_DEBUG_INFO = NO;
				SDKROOT = iphoneos;
				SWIFT_OPTIMIZATION_LEVEL = "-Owholemodule";
				TARGETED_DEVICE_FAMILY = "1,2";
				VALIDATE_PRODUCT = YES;
			};
			name = Release;
		};
		F908CD581C3E7553009CBCCB /* Debug */ = {
			isa = XCBuildConfiguration;
			baseConfigurationReference = CC2F386BC36C97601EA55BBB /* Pods-IBMCaptureSDK-Sample.debug.xcconfig */;
			buildSettings = {
				ASSETCATALOG_COMPILER_APPICON_NAME = AppIcon;
				CLANG_ENABLE_MODULES = YES;
				CODE_SIGN_IDENTITY = "iPhone Distribution";
				"CODE_SIGN_IDENTITY[sdk=iphoneos*]" = "iPhone Distribution";
				DEVELOPMENT_TEAM = 9GB27LE5A2;
				FRAMEWORK_SEARCH_PATHS = (
					"$(inherited)",
					"$(PROJECT_DIR)/Frameworks/**",
					"$(PROJECT_DIR)/build/Debug-iphoneos/box-ios-sdk",
					"$(PROJECT_DIR)/Frameworks",
				);
				INFOPLIST_FILE = "IBMCaptureSDK-Sample/Info.plist";
				LD_RUNPATH_SEARCH_PATHS = "$(inherited) @executable_path/Frameworks";
				OTHER_LDFLAGS = (
					"-framework",
					IBMCaptureUISDK,
					"-framework",
					IBMCaptureSDK,
				);
				PRODUCT_BUNDLE_IDENTIFIER = com.revasolutions.datacap;
				PRODUCT_NAME = "IBMCaptureSDK-Sample";
				PROVISIONING_PROFILE = "c616f851-e3f2-4c51-8859-608337566d20";
				PROVISIONING_PROFILE_SPECIFIER = "XC iOS: *";
				SWIFT_OBJC_BRIDGING_HEADER = "IBMCaptureSDK-Sample/IBMCaptureSDK-Sample-Bridging-Header.h";
				SWIFT_OPTIMIZATION_LEVEL = "-Onone";
				SWIFT_VERSION = 2.3;
			};
			name = Debug;
		};
		F908CD591C3E7553009CBCCB /* Release */ = {
			isa = XCBuildConfiguration;
			baseConfigurationReference = 58AEB377E78E5D0DF8099895 /* Pods-IBMCaptureSDK-Sample.release.xcconfig */;
			buildSettings = {
				ASSETCATALOG_COMPILER_APPICON_NAME = AppIcon;
				CLANG_ENABLE_MODULES = YES;
				CODE_SIGN_IDENTITY = "iPhone Distribution";
				"CODE_SIGN_IDENTITY[sdk=iphoneos*]" = "iPhone Distribution";
				DEVELOPMENT_TEAM = 9GB27LE5A2;
				FRAMEWORK_SEARCH_PATHS = (
					"$(inherited)",
					"$(PROJECT_DIR)/Frameworks/**",
					"$(PROJECT_DIR)/build/Debug-iphoneos/box-ios-sdk",
					"$(PROJECT_DIR)/Frameworks",
				);
				INFOPLIST_FILE = "IBMCaptureSDK-Sample/Info.plist";
				LD_RUNPATH_SEARCH_PATHS = "$(inherited) @executable_path/Frameworks";
				OTHER_LDFLAGS = (
					"-framework",
					IBMCaptureUISDK,
					"-framework",
					IBMCaptureSDK,
				);
				PRODUCT_BUNDLE_IDENTIFIER = com.revasolutions.datacap;
				PRODUCT_NAME = "IBMCaptureSDK-Sample";
				PROVISIONING_PROFILE = "c616f851-e3f2-4c51-8859-608337566d20";
				PROVISIONING_PROFILE_SPECIFIER = "XC iOS: *";
				SWIFT_OBJC_BRIDGING_HEADER = "IBMCaptureSDK-Sample/IBMCaptureSDK-Sample-Bridging-Header.h";
				SWIFT_VERSION = 2.3;
			};
			name = Release;
		};
/* End XCBuildConfiguration section */

/* Begin XCConfigurationList section */
		2279A15C1E03294F00E453E8 /* Build configuration list for PBXNativeTarget "IBMCaptureSDK-SampleTests" */ = {
			isa = XCConfigurationList;
			buildConfigurations = (
				2279A15D1E03294F00E453E8 /* Debug */,
				2279A15E1E03294F00E453E8 /* Release */,
			);
			defaultConfigurationIsVisible = 0;
			defaultConfigurationName = Release;
		};
		F908CD351C3E7553009CBCCB /* Build configuration list for PBXProject "IBMCaptureSDK-Sample" */ = {
			isa = XCConfigurationList;
			buildConfigurations = (
				F908CD551C3E7553009CBCCB /* Debug */,
				F908CD561C3E7553009CBCCB /* Release */,
			);
			defaultConfigurationIsVisible = 0;
			defaultConfigurationName = Release;
		};
		F908CD571C3E7553009CBCCB /* Build configuration list for PBXNativeTarget "IBMCaptureSDK-Sample" */ = {
			isa = XCConfigurationList;
			buildConfigurations = (
				F908CD581C3E7553009CBCCB /* Debug */,
				F908CD591C3E7553009CBCCB /* Release */,
			);
			defaultConfigurationIsVisible = 0;
			defaultConfigurationName = Release;
		};
/* End XCConfigurationList section */
	};
	rootObject = F908CD321C3E7553009CBCCB /* Project object */;
}
